// !$*UTF8*$!
{
	archiveVersion = 1;
	classes = {
	};
	objectVersion = 60;
	objects = {

/* Begin PBXBuildFile section */
		3063E2F92FA7EAC70071A61B /* StoreKit.framework in Frameworks */ = {isa = PBXBuildFile; fileRef = 3063E2F82FA7EAC60071A61B /* StoreKit.framework */; };
		30697C1B2FB1FB0C00EF45FD /* AppDependencies.swift in Sources */ = {isa = PBXBuildFile; fileRef = 30697BD72FB1FB0C00EF45FD /* AppDependencies.swift */; };
		30697C1C2FB1FB0C00EF45FD /* MoodBoardApp.swift in Sources */ = {isa = PBXBuildFile; fileRef = 30697BD82FB1FB0C00EF45FD /* MoodBoardApp.swift */; };
		30697C1D2FB1FB0C00EF45FD /* RootView.swift in Sources */ = {isa = PBXBuildFile; fileRef = 30697BD92FB1FB0C00EF45FD /* RootView.swift */; };
		30697C1E2FB1FB0C00EF45FD /* HomeView.swift in Sources */ = {isa = PBXBuildFile; fileRef = 30697BDB2FB1FB0C00EF45FD /* HomeView.swift */; };
		30697C1F2FB1FB0C00EF45FD /* HomeViewModel.swift in Sources */ = {isa = PBXBuildFile; fileRef = 30697BDC2FB1FB0C00EF45FD /* HomeViewModel.swift */; };
		30697C202FB1FB0C00EF45FD /* NoShootView.swift in Sources */ = {isa = PBXBuildFile; fileRef = 30697BDD2FB1FB0C00EF45FD /* NoShootView.swift */; };
		30697C212FB1FB0C00EF45FD /* MyPhotosView.swift in Sources */ = {isa = PBXBuildFile; fileRef = 30697BDF2FB1FB0C00EF45FD /* MyPhotosView.swift */; };
		30697C222FB1FB0C00EF45FD /* MyPhotosViewModel.swift in Sources */ = {isa = PBXBuildFile; fileRef = 30697BE02FB1FB0C00EF45FD /* MyPhotosViewModel.swift */; };
		30697C232FB1FB0C00EF45FD /* NewShootCoordinator.swift in Sources */ = {isa = PBXBuildFile; fileRef = 30697BE22FB1FB0C00EF45FD /* NewShootCoordinator.swift */; };
		30697C242FB1FB0C00EF45FD /* GalleryResultView.swift in Sources */ = {isa = PBXBuildFile; fileRef = 30697BE42FB1FB0C00EF45FD /* GalleryResultView.swift */; };
		30697C252FB1FB0C00EF45FD /* GalleryResultViewModel.swift in Sources */ = {isa = PBXBuildFile; fileRef = 30697BE52FB1FB0C00EF45FD /* GalleryResultViewModel.swift */; };
		30697C262FB1FB0C00EF45FD /* ProcessingView.swift in Sources */ = {isa = PBXBuildFile; fileRef = 30697BE62FB1FB0C00EF45FD /* ProcessingView.swift */; };
		30697C272FB1FB0C00EF45FD /* ProcessingViewModel.swift in Sources */ = {isa = PBXBuildFile; fileRef = 30697BE72FB1FB0C00EF45FD /* ProcessingViewModel.swift */; };
		30697C282FB1FB0C00EF45FD /* StyleSelectionView.swift in Sources */ = {isa = PBXBuildFile; fileRef = 30697BE82FB1FB0C00EF45FD /* StyleSelectionView.swift */; };
		30697C292FB1FB0C00EF45FD /* UploadSelfiesView.swift in Sources */ = {isa = PBXBuildFile; fileRef = 30697BE92FB1FB0C00EF45FD /* UploadSelfiesView.swift */; };
		30697C2A2FB1FB0C00EF45FD /* UploadSelfiesViewModel.swift in Sources */ = {isa = PBXBuildFile; fileRef = 30697BEA2FB1FB0C00EF45FD /* UploadSelfiesViewModel.swift */; };
		30697C2B2FB1FB0C00EF45FD /* NewShootFlowContainer.swift in Sources */ = {isa = PBXBuildFile; fileRef = 30697BEC2FB1FB0C00EF45FD /* NewShootFlowContainer.swift */; };
		30697C2C2FB1FB0C00EF45FD /* VibePreset.swift in Sources */ = {isa = PBXBuildFile; fileRef = 30697BED2FB1FB0C00EF45FD /* VibePreset.swift */; };
		30697C2D2FB1FB0C00EF45FD /* OnboardingView.swift in Sources */ = {isa = PBXBuildFile; fileRef = 30697BEF2FB1FB0C00EF45FD /* OnboardingView.swift */; };
		30697C2E2FB1FB0C00EF45FD /* OnboardingViewModel.swift in Sources */ = {isa = PBXBuildFile; fileRef = 30697BF02FB1FB0C00EF45FD /* OnboardingViewModel.swift */; };
		30697C2F2FB1FB0C00EF45FD /* BananaStoreSheetView.swift in Sources */ = {isa = PBXBuildFile; fileRef = 30697BF22FB1FB0C00EF45FD /* BananaStoreSheetView.swift */; };
		30697C302FB1FB0C00EF45FD /* ProfileView.swift in Sources */ = {isa = PBXBuildFile; fileRef = 30697BF32FB1FB0C00EF45FD /* ProfileView.swift */; };
		30697C312FB1FB0C00EF45FD /* ProfileViewModel.swift in Sources */ = {isa = PBXBuildFile; fileRef = 30697BF42FB1FB0C00EF45FD /* ProfileViewModel.swift */; };
		30697C322FB1FB0C00EF45FD /* CustomButtonView.swift in Sources */ = {isa = PBXBuildFile; fileRef = 30697BF72FB1FB0C00EF45FD /* CustomButtonView.swift */; };
		30697C332FB1FB0C00EF45FD /* BananaManager.swift in Sources */ = {isa = PBXBuildFile; fileRef = 30697BF92FB1FB0C00EF45FD /* BananaManager.swift */; };
		30697C342FB1FB0C00EF45FD /* StoreKitManager.swift in Sources */ = {isa = PBXBuildFile; fileRef = 30697BFA2FB1FB0C00EF45FD /* StoreKitManager.swift */; };
		30697C352FB1FB0C00EF45FD /* APIResponses.swift in Sources */ = {isa = PBXBuildFile; fileRef = 30697BFC2FB1FB0C00EF45FD /* APIResponses.swift */; };
		30697C362FB1FB0C00EF45FD /* AIService.swift in Sources */ = {isa = PBXBuildFile; fileRef = 30697BFE2FB1FB0C00EF45FD /* AIService.swift */; };
		30697C372FB1FB0C00EF45FD /* Endpoints.swift in Sources */ = {isa = PBXBuildFile; fileRef = 30697BFF2FB1FB0C00EF45FD /* Endpoints.swift */; };
		30697C382FB1FB0C00EF45FD /* HTTPClient.swift in Sources */ = {isa = PBXBuildFile; fileRef = 30697C002FB1FB0C00EF45FD /* HTTPClient.swift */; };
		30697C392FB1FB0C00EF45FD /* WaveSpeedSubmitParsing.swift in Sources */ = {isa = PBXBuildFile; fileRef = 30697C012FB1FB0C00EF45FD /* WaveSpeedSubmitParsing.swift */; };
		30697C3A2FB1FB0C00EF45FD /* GeneratedPhoto.swift in Sources */ = {isa = PBXBuildFile; fileRef = 30697C032FB1FB0C00EF45FD /* GeneratedPhoto.swift */; };
		30697C3B2FB1FB0C00EF45FD /* ShootSession.swift in Sources */ = {isa = PBXBuildFile; fileRef = 30697C042FB1FB0C00EF45FD /* ShootSession.swift */; };
		30697C3C2FB1FB0C00EF45FD /* ShootRepository.swift in Sources */ = {isa = PBXBuildFile; fileRef = 30697C062FB1FB0C00EF45FD /* ShootRepository.swift */; };
		30697C3D2FB1FB0C00EF45FD /* PersistenceController.swift in Sources */ = {isa = PBXBuildFile; fileRef = 30697C082FB1FB0C00EF45FD /* PersistenceController.swift */; };
		30697C3E2FB1FB0C00EF45FD /* UIImage+Resize.swift in Sources */ = {isa = PBXBuildFile; fileRef = 30697C0A2FB1FB0C00EF45FD /* UIImage+Resize.swift */; };
		30697C3F2FB1FB0C00EF45FD /* View+Loading.swift in Sources */ = {isa = PBXBuildFile; fileRef = 30697C0B2FB1FB0C00EF45FD /* View+Loading.swift */; };
		30697C402FB1FB0C00EF45FD /* AppFont.swift in Sources */ = {isa = PBXBuildFile; fileRef = 30697C102FB1FB0C00EF45FD /* AppFont.swift */; };
		30697C412FB1FB0C00EF45FD /* AppLinks.swift in Sources */ = {isa = PBXBuildFile; fileRef = 30697C112FB1FB0C00EF45FD /* AppLinks.swift */; };
		30697C422FB1FB0C00EF45FD /* BananaToolbarTrailing.swift in Sources */ = {isa = PBXBuildFile; fileRef = 30697C122FB1FB0C00EF45FD /* BananaToolbarTrailing.swift */; };
		30697C432FB1FB0C00EF45FD /* Constants.swift in Sources */ = {isa = PBXBuildFile; fileRef = 30697C132FB1FB0C00EF45FD /* Constants.swift */; };
		30697C442FB1FB0C00EF45FD /* ImagePicker.swift in Sources */ = {isa = PBXBuildFile; fileRef = 30697C142FB1FB0C00EF45FD /* ImagePicker.swift */; };
		30697C452FB1FB0C00EF45FD /* KeychainHelper.swift in Sources */ = {isa = PBXBuildFile; fileRef = 30697C152FB1FB0C00EF45FD /* KeychainHelper.swift */; };
		30697C462FB1FB0C00EF45FD /* PhotoAlbumSaver.swift in Sources */ = {isa = PBXBuildFile; fileRef = 30697C162FB1FB0C00EF45FD /* PhotoAlbumSaver.swift */; };
		30697C472FB1FB0C00EF45FD /* PlayfairDisplay.ttf in Resources */ = {isa = PBXBuildFile; fileRef = 30697C0D2FB1FB0C00EF45FD /* PlayfairDisplay.ttf */; };
		30697C482FB1FB0C00EF45FD /* PlayfairDisplay-Italic.ttf in Resources */ = {isa = PBXBuildFile; fileRef = 30697C0E2FB1FB0C00EF45FD /* PlayfairDisplay-Italic.ttf */; };
		30697C492FB1FB0C00EF45FD /* Assets.xcassets in Resources */ = {isa = PBXBuildFile; fileRef = 30697C182FB1FB0C00EF45FD /* Assets.xcassets */; };
		30697C4A2FB1FB0C00EF45FD /* Configuration.storekit in Resources */ = {isa = PBXBuildFile; fileRef = 30697C192FB1FB0C00EF45FD /* Configuration.storekit */; };
/* End PBXBuildFile section */

/* Begin PBXFileReference section */
		0258B66AD2D4FB7F8E00C13F /* Pods-1AIMoodBoardPhotoApp.release.xcconfig */ = {isa = PBXFileReference; includeInIndex = 1; lastKnownFileType = text.xcconfig; name = "Pods-1AIMoodBoardPhotoApp.release.xcconfig"; path = "Target Support Files/Pods-1AIMoodBoardPhotoApp/Pods-1AIMoodBoardPhotoApp.release.xcconfig"; sourceTree = "<group>"; };
		3063E2F82FA7EAC60071A61B /* StoreKit.framework */ = {isa = PBXFileReference; lastKnownFileType = wrapper.framework; name = StoreKit.framework; path = System/Library/Frameworks/StoreKit.framework; sourceTree = SDKROOT; };
		30697BD72FB1FB0C00EF45FD /* AppDependencies.swift */ = {isa = PBXFileReference; lastKnownFileType = sourcecode.swift; path = AppDependencies.swift; sourceTree = "<group>"; };
		30697BD82FB1FB0C00EF45FD /* MoodBoardApp.swift */ = {isa = PBXFileReference; lastKnownFileType = sourcecode.swift; path = MoodBoardApp.swift; sourceTree = "<group>"; };
		30697BD92FB1FB0C00EF45FD /* RootView.swift */ = {isa = PBXFileReference; lastKnownFileType = sourcecode.swift; path = RootView.swift; sourceTree = "<group>"; };
		30697BDB2FB1FB0C00EF45FD /* HomeView.swift */ = {isa = PBXFileReference; lastKnownFileType = sourcecode.swift; path = HomeView.swift; sourceTree = "<group>"; };
		30697BDC2FB1FB0C00EF45FD /* HomeViewModel.swift */ = {isa = PBXFileReference; lastKnownFileType = sourcecode.swift; path = HomeViewModel.swift; sourceTree = "<group>"; };
		30697BDD2FB1FB0C00EF45FD /* NoShootView.swift */ = {isa = PBXFileReference; lastKnownFileType = sourcecode.swift; path = NoShootView.swift; sourceTree = "<group>"; };
		30697BDF2FB1FB0C00EF45FD /* MyPhotosView.swift */ = {isa = PBXFileReference; lastKnownFileType = sourcecode.swift; path = MyPhotosView.swift; sourceTree = "<group>"; };
		30697BE02FB1FB0C00EF45FD /* MyPhotosViewModel.swift */ = {isa = PBXFileReference; lastKnownFileType = sourcecode.swift; path = MyPhotosViewModel.swift; sourceTree = "<group>"; };
		30697BE22FB1FB0C00EF45FD /* NewShootCoordinator.swift */ = {isa = PBXFileReference; lastKnownFileType = sourcecode.swift; path = NewShootCoordinator.swift; sourceTree = "<group>"; };
		30697BE42FB1FB0C00EF45FD /* GalleryResultView.swift */ = {isa = PBXFileReference; lastKnownFileType = sourcecode.swift; path = GalleryResultView.swift; sourceTree = "<group>"; };
		30697BE52FB1FB0C00EF45FD /* GalleryResultViewModel.swift */ = {isa = PBXFileReference; lastKnownFileType = sourcecode.swift; path = GalleryResultViewModel.swift; sourceTree = "<group>"; };
		30697BE62FB1FB0C00EF45FD /* ProcessingView.swift */ = {isa = PBXFileReference; lastKnownFileType = sourcecode.swift; path = ProcessingView.swift; sourceTree = "<group>"; };
		30697BE72FB1FB0C00EF45FD /* ProcessingViewModel.swift */ = {isa = PBXFileReference; lastKnownFileType = sourcecode.swift; path = ProcessingViewModel.swift; sourceTree = "<group>"; };
		30697BE82FB1FB0C00EF45FD /* StyleSelectionView.swift */ = {isa = PBXFileReference; lastKnownFileType = sourcecode.swift; path = StyleSelectionView.swift; sourceTree = "<group>"; };
		30697BE92FB1FB0C00EF45FD /* UploadSelfiesView.swift */ = {isa = PBXFileReference; lastKnownFileType = sourcecode.swift; path = UploadSelfiesView.swift; sourceTree = "<group>"; };
		30697BEA2FB1FB0C00EF45FD /* UploadSelfiesViewModel.swift */ = {isa = PBXFileReference; lastKnownFileType = sourcecode.swift; path = UploadSelfiesViewModel.swift; sourceTree = "<group>"; };
		30697BEC2FB1FB0C00EF45FD /* NewShootFlowContainer.swift */ = {isa = PBXFileReference; lastKnownFileType = sourcecode.swift; path = NewShootFlowContainer.swift; sourceTree = "<group>"; };
		30697BED2FB1FB0C00EF45FD /* VibePreset.swift */ = {isa = PBXFileReference; lastKnownFileType = sourcecode.swift; path = VibePreset.swift; sourceTree = "<group>"; };
		30697BEF2FB1FB0C00EF45FD /* OnboardingView.swift */ = {isa = PBXFileReference; lastKnownFileType = sourcecode.swift; path = OnboardingView.swift; sourceTree = "<group>"; };
		30697BF02FB1FB0C00EF45FD /* OnboardingViewModel.swift */ = {isa = PBXFileReference; lastKnownFileType = sourcecode.swift; path = OnboardingViewModel.swift; sourceTree = "<group>"; };
		30697BF22FB1FB0C00EF45FD /* BananaStoreSheetView.swift */ = {isa = PBXFileReference; lastKnownFileType = sourcecode.swift; path = BananaStoreSheetView.swift; sourceTree = "<group>"; };
		30697BF32FB1FB0C00EF45FD /* ProfileView.swift */ = {isa = PBXFileReference; lastKnownFileType = sourcecode.swift; path = ProfileView.swift; sourceTree = "<group>"; };
		30697BF42FB1FB0C00EF45FD /* ProfileViewModel.swift */ = {isa = PBXFileReference; lastKnownFileType = sourcecode.swift; path = ProfileViewModel.swift; sourceTree = "<group>"; };
		30697BF72FB1FB0C00EF45FD /* CustomButtonView.swift */ = {isa = PBXFileReference; lastKnownFileType = sourcecode.swift; path = CustomButtonView.swift; sourceTree = "<group>"; };
		30697BF92FB1FB0C00EF45FD /* BananaManager.swift */ = {isa = PBXFileReference; lastKnownFileType = sourcecode.swift; path = BananaManager.swift; sourceTree = "<group>"; };
		30697BFA2FB1FB0C00EF45FD /* StoreKitManager.swift */ = {isa = PBXFileReference; lastKnownFileType = sourcecode.swift; path = StoreKitManager.swift; sourceTree = "<group>"; };
		30697BFC2FB1FB0C00EF45FD /* APIResponses.swift */ = {isa = PBXFileReference; lastKnownFileType = sourcecode.swift; path = APIResponses.swift; sourceTree = "<group>"; };
		30697BFE2FB1FB0C00EF45FD /* AIService.swift */ = {isa = PBXFileReference; lastKnownFileType = sourcecode.swift; path = AIService.swift; sourceTree = "<group>"; };
		30697BFF2FB1FB0C00EF45FD /* Endpoints.swift */ = {isa = PBXFileReference; lastKnownFileType = sourcecode.swift; path = Endpoints.swift; sourceTree = "<group>"; };
		30697C002FB1FB0C00EF45FD /* HTTPClient.swift */ = {isa = PBXFileReference; lastKnownFileType = sourcecode.swift; path = HTTPClient.swift; sourceTree = "<group>"; };
		30697C012FB1FB0C00EF45FD /* WaveSpeedSubmitParsing.swift */ = {isa = PBXFileReference; lastKnownFileType = sourcecode.swift; path = WaveSpeedSubmitParsing.swift; sourceTree = "<group>"; };
		30697C032FB1FB0C00EF45FD /* GeneratedPhoto.swift */ = {isa = PBXFileReference; lastKnownFileType = sourcecode.swift; path = GeneratedPhoto.swift; sourceTree = "<group>"; };
		30697C042FB1FB0C00EF45FD /* ShootSession.swift */ = {isa = PBXFileReference; lastKnownFileType = sourcecode.swift; path = ShootSession.swift; sourceTree = "<group>"; };
		30697C062FB1FB0C00EF45FD /* ShootRepository.swift */ = {isa = PBXFileReference; lastKnownFileType = sourcecode.swift; path = ShootRepository.swift; sourceTree = "<group>"; };
		30697C082FB1FB0C00EF45FD /* PersistenceController.swift */ = {isa = PBXFileReference; lastKnownFileType = sourcecode.swift; path = PersistenceController.swift; sourceTree = "<group>"; };
		30697C0A2FB1FB0C00EF45FD /* UIImage+Resize.swift */ = {isa = PBXFileReference; lastKnownFileType = sourcecode.swift; path = "UIImage+Resize.swift"; sourceTree = "<group>"; };
		30697C0B2FB1FB0C00EF45FD /* View+Loading.swift */ = {isa = PBXFileReference; lastKnownFileType = sourcecode.swift; path = "View+Loading.swift"; sourceTree = "<group>"; };
		30697C0D2FB1FB0C00EF45FD /* PlayfairDisplay.ttf */ = {isa = PBXFileReference; lastKnownFileType = file; path = PlayfairDisplay.ttf; sourceTree = "<group>"; };
		30697C0E2FB1FB0C00EF45FD /* PlayfairDisplay-Italic.ttf */ = {isa = PBXFileReference; lastKnownFileType = file; path = "PlayfairDisplay-Italic.ttf"; sourceTree = "<group>"; };
		30697C102FB1FB0C00EF45FD /* AppFont.swift */ = {isa = PBXFileReference; lastKnownFileType = sourcecode.swift; path = AppFont.swift; sourceTree = "<group>"; };
		30697C112FB1FB0C00EF45FD /* AppLinks.swift */ = {isa = PBXFileReference; lastKnownFileType = sourcecode.swift; path = AppLinks.swift; sourceTree = "<group>"; };
		30697C122FB1FB0C00EF45FD /* BananaToolbarTrailing.swift */ = {isa = PBXFileReference; lastKnownFileType = sourcecode.swift; path = BananaToolbarTrailing.swift; sourceTree = "<group>"; };
		30697C132FB1FB0C00EF45FD /* Constants.swift */ = {isa = PBXFileReference; lastKnownFileType = sourcecode.swift; path = Constants.swift; sourceTree = "<group>"; };
		30697C142FB1FB0C00EF45FD /* ImagePicker.swift */ = {isa = PBXFileReference; lastKnownFileType = sourcecode.swift; path = ImagePicker.swift; sourceTree = "<group>"; };
		30697C152FB1FB0C00EF45FD /* KeychainHelper.swift */ = {isa = PBXFileReference; lastKnownFileType = sourcecode.swift; path = KeychainHelper.swift; sourceTree = "<group>"; };
		30697C162FB1FB0C00EF45FD /* PhotoAlbumSaver.swift */ = {isa = PBXFileReference; lastKnownFileType = sourcecode.swift; path = PhotoAlbumSaver.swift; sourceTree = "<group>"; };
		30697C182FB1FB0C00EF45FD /* Assets.xcassets */ = {isa = PBXFileReference; lastKnownFileType = folder.assetcatalog; path = Assets.xcassets; sourceTree = "<group>"; };
		30697C192FB1FB0C00EF45FD /* Configuration.storekit */ = {isa = PBXFileReference; lastKnownFileType = text; path = Configuration.storekit; sourceTree = "<group>"; };
		30D287CB2FA2BE2D008D5BDC /* 1AIMoodBoardPhotoApp.app */ = {isa = PBXFileReference; explicitFileType = wrapper.application; includeInIndex = 0; path = 1AIMoodBoardPhotoApp.app; sourceTree = BUILT_PRODUCTS_DIR; };
		41AE9EFB32A131E0203AE0EF /* Pods-1AIMoodBoardPhotoApp.debug.xcconfig */ = {isa = PBXFileReference; includeInIndex = 1; lastKnownFileType = text.xcconfig; name = "Pods-1AIMoodBoardPhotoApp.debug.xcconfig"; path = "Target Support Files/Pods-1AIMoodBoardPhotoApp/Pods-1AIMoodBoardPhotoApp.debug.xcconfig"; sourceTree = "<group>"; };
		C50F35F092D7E25B73DDE672 /* Pods_1AIMoodBoardPhotoApp.framework */ = {isa = PBXFileReference; explicitFileType = wrapper.framework; includeInIndex = 0; path = Pods_1AIMoodBoardPhotoApp.framework; sourceTree = BUILT_PRODUCTS_DIR; };
/* End PBXFileReference section */

/* Begin PBXFrameworksBuildPhase section */
		30D287C82FA2BE2D008D5BDC /* Frameworks */ = {
			isa = PBXFrameworksBuildPhase;
			buildActionMask = 2147483647;
			files = (
				3063E2F92FA7EAC70071A61B /* StoreKit.framework in Frameworks */,
			);
			runOnlyForDeploymentPostprocessing = 0;
		};
/* End PBXFrameworksBuildPhase section */

/* Begin PBXGroup section */
		30697BDA2FB1FB0C00EF45FD /* App */ = {
			isa = PBXGroup;
			children = (
				30697BD72FB1FB0C00EF45FD /* AppDependencies.swift */,
				30697BD82FB1FB0C00EF45FD /* MoodBoardApp.swift */,
				30697BD92FB1FB0C00EF45FD /* RootView.swift */,
			);
			path = App;
			sourceTree = "<group>";
		};
		30697BDE2FB1FB0C00EF45FD /* Home */ = {
			isa = PBXGroup;
			children = (
				30697BDB2FB1FB0C00EF45FD /* HomeView.swift */,
				30697BDC2FB1FB0C00EF45FD /* HomeViewModel.swift */,
				30697BDD2FB1FB0C00EF45FD /* NoShootView.swift */,
			);
			path = Home;
			sourceTree = "<group>";
		};
		30697BE12FB1FB0C00EF45FD /* MyPhotos */ = {
			isa = PBXGroup;
			children = (
				30697BDF2FB1FB0C00EF45FD /* MyPhotosView.swift */,
				30697BE02FB1FB0C00EF45FD /* MyPhotosViewModel.swift */,
			);
			path = MyPhotos;
			sourceTree = "<group>";
		};
		30697BE32FB1FB0C00EF45FD /* Coordinator */ = {
			isa = PBXGroup;
			children = (
				30697BE22FB1FB0C00EF45FD /* NewShootCoordinator.swift */,
			);
			path = Coordinator;
			sourceTree = "<group>";
		};
		30697BEB2FB1FB0C00EF45FD /* Steps */ = {
			isa = PBXGroup;
			children = (
				30697BE42FB1FB0C00EF45FD /* GalleryResultView.swift */,
				30697BE52FB1FB0C00EF45FD /* GalleryResultViewModel.swift */,
				30697BE62FB1FB0C00EF45FD /* ProcessingView.swift */,
				30697BE72FB1FB0C00EF45FD /* ProcessingViewModel.swift */,
				30697BE82FB1FB0C00EF45FD /* StyleSelectionView.swift */,
				30697BE92FB1FB0C00EF45FD /* UploadSelfiesView.swift */,
				30697BEA2FB1FB0C00EF45FD /* UploadSelfiesViewModel.swift */,
			);
			path = Steps;
			sourceTree = "<group>";
		};
		30697BEE2FB1FB0C00EF45FD /* NewShootFlow */ = {
			isa = PBXGroup;
			children = (
				30697BE32FB1FB0C00EF45FD /* Coordinator */,
				30697BEB2FB1FB0C00EF45FD /* Steps */,
				30697BEC2FB1FB0C00EF45FD /* NewShootFlowContainer.swift */,
				30697BED2FB1FB0C00EF45FD /* VibePreset.swift */,
			);
			path = NewShootFlow;
			sourceTree = "<group>";
		};
		30697BF12FB1FB0C00EF45FD /* Onboarding */ = {
			isa = PBXGroup;
			children = (
				30697BEF2FB1FB0C00EF45FD /* OnboardingView.swift */,
				30697BF02FB1FB0C00EF45FD /* OnboardingViewModel.swift */,
			);
			path = Onboarding;
			sourceTree = "<group>";
		};
		30697BF52FB1FB0C00EF45FD /* Profile */ = {
			isa = PBXGroup;
			children = (
				30697BF22FB1FB0C00EF45FD /* BananaStoreSheetView.swift */,
				30697BF32FB1FB0C00EF45FD /* ProfileView.swift */,
				30697BF42FB1FB0C00EF45FD /* ProfileViewModel.swift */,
			);
			path = Profile;
			sourceTree = "<group>";
		};
		30697BF62FB1FB0C00EF45FD /* Features */ = {
			isa = PBXGroup;
			children = (
				30697BDE2FB1FB0C00EF45FD /* Home */,
				30697BE12FB1FB0C00EF45FD /* MyPhotos */,
				30697BEE2FB1FB0C00EF45FD /* NewShootFlow */,
				30697BF12FB1FB0C00EF45FD /* Onboarding */,
				30697BF52FB1FB0C00EF45FD /* Profile */,
			);
			path = Features;
			sourceTree = "<group>";
		};
		30697BF82FB1FB0C00EF45FD /* Helpers */ = {
			isa = PBXGroup;
			children = (
				30697BF72FB1FB0C00EF45FD /* CustomButtonView.swift */,
			);
			path = Helpers;
			sourceTree = "<group>";
		};
		30697BFB2FB1FB0C00EF45FD /* Monetization */ = {
			isa = PBXGroup;
			children = (
				30697BF92FB1FB0C00EF45FD /* BananaManager.swift */,
				30697BFA2FB1FB0C00EF45FD /* StoreKitManager.swift */,
			);
			path = Monetization;
			sourceTree = "<group>";
		};
		30697BFD2FB1FB0C00EF45FD /* Models */ = {
			isa = PBXGroup;
			children = (
				30697BFC2FB1FB0C00EF45FD /* APIResponses.swift */,
			);
			path = Models;
			sourceTree = "<group>";
		};
		30697C022FB1FB0C00EF45FD /* Network */ = {
			isa = PBXGroup;
			children = (
				30697BFD2FB1FB0C00EF45FD /* Models */,
				30697BFE2FB1FB0C00EF45FD /* AIService.swift */,
				30697BFF2FB1FB0C00EF45FD /* Endpoints.swift */,
				30697C002FB1FB0C00EF45FD /* HTTPClient.swift */,
				30697C012FB1FB0C00EF45FD /* WaveSpeedSubmitParsing.swift */,
			);
			path = Network;
			sourceTree = "<group>";
		};
		30697C052FB1FB0C00EF45FD /* Models */ = {
			isa = PBXGroup;
			children = (
				30697C032FB1FB0C00EF45FD /* GeneratedPhoto.swift */,
				30697C042FB1FB0C00EF45FD /* ShootSession.swift */,
			);
			path = Models;
			sourceTree = "<group>";
		};
		30697C072FB1FB0C00EF45FD /* Repository */ = {
			isa = PBXGroup;
			children = (
				30697C062FB1FB0C00EF45FD /* ShootRepository.swift */,
			);
			path = Repository;
			sourceTree = "<group>";
		};
		30697C092FB1FB0C00EF45FD /* Persistence */ = {
			isa = PBXGroup;
			children = (
				30697C052FB1FB0C00EF45FD /* Models */,
				30697C072FB1FB0C00EF45FD /* Repository */,
				30697C082FB1FB0C00EF45FD /* PersistenceController.swift */,
			);
			path = Persistence;
			sourceTree = "<group>";
		};
		30697C0C2FB1FB0C00EF45FD /* Extensions */ = {
			isa = PBXGroup;
			children = (
				30697C0A2FB1FB0C00EF45FD /* UIImage+Resize.swift */,
				30697C0B2FB1FB0C00EF45FD /* View+Loading.swift */,
			);
			path = Extensions;
			sourceTree = "<group>";
		};
		30697C0F2FB1FB0C00EF45FD /* Fonts */ = {
			isa = PBXGroup;
			children = (
				30697C0D2FB1FB0C00EF45FD /* PlayfairDisplay.ttf */,
				30697C0E2FB1FB0C00EF45FD /* PlayfairDisplay-Italic.ttf */,
			);
			path = Fonts;
			sourceTree = "<group>";
		};
		30697C172FB1FB0C00EF45FD /* Utilities */ = {
			isa = PBXGroup;
			children = (
				30697C0C2FB1FB0C00EF45FD /* Extensions */,
				30697C0F2FB1FB0C00EF45FD /* Fonts */,
				30697C102FB1FB0C00EF45FD /* AppFont.swift */,
				30697C112FB1FB0C00EF45FD /* AppLinks.swift */,
				30697C122FB1FB0C00EF45FD /* BananaToolbarTrailing.swift */,
				30697C132FB1FB0C00EF45FD /* Constants.swift */,
				30697C142FB1FB0C00EF45FD /* ImagePicker.swift */,
				30697C152FB1FB0C00EF45FD /* KeychainHelper.swift */,
				30697C162FB1FB0C00EF45FD /* PhotoAlbumSaver.swift */,
			);
			path = Utilities;
			sourceTree = "<group>";
		};
		30697C1A2FB1FB0C00EF45FD /* 1AIMoodBoardPhotoApp */ = {
			isa = PBXGroup;
			children = (
				30697BDA2FB1FB0C00EF45FD /* App */,
				30697BF62FB1FB0C00EF45FD /* Features */,
				30697BF82FB1FB0C00EF45FD /* Helpers */,
				30697BFB2FB1FB0C00EF45FD /* Monetization */,
				30697C022FB1FB0C00EF45FD /* Network */,
				30697C092FB1FB0C00EF45FD /* Persistence */,
				30697C172FB1FB0C00EF45FD /* Utilities */,
				30697C182FB1FB0C00EF45FD /* Assets.xcassets */,
				30697C192FB1FB0C00EF45FD /* Configuration.storekit */,
			);
			path = 1AIMoodBoardPhotoApp;
			sourceTree = "<group>";
		};
		30D287C22FA2BE2D008D5BDC = {
			isa = PBXGroup;
			children = (
				30697C1A2FB1FB0C00EF45FD /* 1AIMoodBoardPhotoApp */,
				30D287CC2FA2BE2D008D5BDC /* Products */,
				4394F8922BC0FBA2A7CF6496 /* Pods */,
				C6CBD14A303BB14037CC6916 /* Frameworks */,
			);
			sourceTree = "<group>";
		};
		30D287CC2FA2BE2D008D5BDC /* Products */ = {
			isa = PBXGroup;
			children = (
				30D287CB2FA2BE2D008D5BDC /* 1AIMoodBoardPhotoApp.app */,
			);
			name = Products;
			sourceTree = "<group>";
		};
		4394F8922BC0FBA2A7CF6496 /* Pods */ = {
			isa = PBXGroup;
			children = (
				41AE9EFB32A131E0203AE0EF /* Pods-1AIMoodBoardPhotoApp.debug.xcconfig */,
				0258B66AD2D4FB7F8E00C13F /* Pods-1AIMoodBoardPhotoApp.release.xcconfig */,
			);
			path = Pods;
			sourceTree = "<group>";
		};
		C6CBD14A303BB14037CC6916 /* Frameworks */ = {
			isa = PBXGroup;
			children = (
				3063E2F82FA7EAC60071A61B /* StoreKit.framework */,
				C50F35F092D7E25B73DDE672 /* Pods_1AIMoodBoardPhotoApp.framework */,
			);
			name = Frameworks;
			sourceTree = "<group>";
		};
/* End PBXGroup section */

/* Begin PBXNativeTarget section */
		30D287CA2FA2BE2D008D5BDC /* 1AIMoodBoardPhotoApp */ = {
			isa = PBXNativeTarget;
			buildConfigurationList = 30D287D62FA2BE2E008D5BDC /* Build configuration list for PBXNativeTarget "1AIMoodBoardPhotoApp" */;
			buildPhases = (
				524B475EADF8C8246C9A16F0 /* [CP] Check Pods Manifest.lock */,
				30D287C72FA2BE2D008D5BDC /* Sources */,
				30D287C82FA2BE2D008D5BDC /* Frameworks */,
				30D287C92FA2BE2D008D5BDC /* Resources */,
			);
			buildRules = (
			);
			dependencies = (
			);
			name = 1AIMoodBoardPhotoApp;
			productName = 1AIMoodBoardPhotoApp;
			productReference = 30D287CB2FA2BE2D008D5BDC /* 1AIMoodBoardPhotoApp.app */;
			productType = "com.apple.product-type.application";
		};
/* End PBXNativeTarget section */

/* Begin PBXProject section */
		30D287C32FA2BE2D008D5BDC /* Project object */ = {
			isa = PBXProject;
			attributes = {
				BuildIndependentTargetsInParallel = 1;
				LastSwiftUpdateCheck = 2640;
				LastUpgradeCheck = 2640;
				TargetAttributes = {
					30D287CA2FA2BE2D008D5BDC = {
						CreatedOnToolsVersion = 26.4.1;
					};
				};
			};
			buildConfigurationList = 30D287C62FA2BE2D008D5BDC /* Build configuration list for PBXProject "1AIMoodBoardPhotoApp" */;
			compatibilityVersion = "Xcode 15.0";
			developmentRegion = en;
			hasScannedForEncodings = 0;
			knownRegions = (
				en,
				Base,
			);
			mainGroup = 30D287C22FA2BE2D008D5BDC;
			productRefGroup = 30D287CC2FA2BE2D008D5BDC /* Products */;
			projectDirPath = "";
			projectRoot = "";
			targets = (
				30D287CA2FA2BE2D008D5BDC /* 1AIMoodBoardPhotoApp */,
			);
		};
/* End PBXProject section */

/* Begin PBXResourcesBuildPhase section */
		30D287C92FA2BE2D008D5BDC /* Resources */ = {
			isa = PBXResourcesBuildPhase;
			buildActionMask = 2147483647;
			files = (
				30697C472FB1FB0C00EF45FD /* PlayfairDisplay.ttf in Resources */,
				30697C482FB1FB0C00EF45FD /* PlayfairDisplay-Italic.ttf in Resources */,
				30697C492FB1FB0C00EF45FD /* Assets.xcassets in Resources */,
				30697C4A2FB1FB0C00EF45FD /* Configuration.storekit in Resources */,
			);
			runOnlyForDeploymentPostprocessing = 0;
		};
/* End PBXResourcesBuildPhase section */

/* Begin PBXShellScriptBuildPhase section */
		524B475EADF8C8246C9A16F0 /* [CP] Check Pods Manifest.lock */ = {
			isa = PBXShellScriptBuildPhase;
			buildActionMask = 2147483647;
			files = (
			);
			inputFileListPaths = (
			);
			inputPaths = (
				"${PODS_PODFILE_DIR_PATH}/Podfile.lock",
				"${PODS_ROOT}/Manifest.lock",
			);
			name = "[CP] Check Pods Manifest.lock";
			outputFileListPaths = (
			);
			outputPaths = (
				"$(DERIVED_FILE_DIR)/Pods-1AIMoodBoardPhotoApp-checkManifestLockResult.txt",
			);
			runOnlyForDeploymentPostprocessing = 0;
			shellPath = /bin/sh;
			shellScript = "diff \"${PODS_PODFILE_DIR_PATH}/Podfile.lock\" \"${PODS_ROOT}/Manifest.lock\" > /dev/null\nif [ $? != 0 ] ; then\n    # print error to STDERR\n    echo \"error: The sandbox is not in sync with the Podfile.lock. Run 'pod install' or update your CocoaPods installation.\" >&2\n    exit 1\nfi\n# This output is used by Xcode 'outputs' to avoid re-running this script phase.\necho \"SUCCESS\" > \"${SCRIPT_OUTPUT_FILE_0}\"\n";
			showEnvVarsInLog = 0;
		};
/* End PBXShellScriptBuildPhase section */

/* Begin PBXSourcesBuildPhase section */
		30D287C72FA2BE2D008D5BDC /* Sources */ = {
			isa = PBXSourcesBuildPhase;
			buildActionMask = 2147483647;
			files = (
				30697C1B2FB1FB0C00EF45FD /* AppDependencies.swift in Sources */,
				30697C1C2FB1FB0C00EF45FD /* MoodBoardApp.swift in Sources */,
				30697C1D2FB1FB0C00EF45FD /* RootView.swift in Sources */,
				30697C1E2FB1FB0C00EF45FD /* HomeView.swift in Sources */,
				30697C1F2FB1FB0C00EF45FD /* HomeViewModel.swift in Sources */,
				30697C202FB1FB0C00EF45FD /* NoShootView.swift in Sources */,
				30697C212FB1FB0C00EF45FD /* MyPhotosView.swift in Sources */,
				30697C222FB1FB0C00EF45FD /* MyPhotosViewModel.swift in Sources */,
				30697C232FB1FB0C00EF45FD /* NewShootCoordinator.swift in Sources */,
				30697C242FB1FB0C00EF45FD /* GalleryResultView.swift in Sources */,
				30697C252FB1FB0C00EF45FD /* GalleryResultViewModel.swift in Sources */,
				30697C262FB1FB0C00EF45FD /* ProcessingView.swift in Sources */,
				30697C272FB1FB0C00EF45FD /* ProcessingViewModel.swift in Sources */,
				30697C282FB1FB0C00EF45FD /* StyleSelectionView.swift in Sources */,
				30697C292FB1FB0C00EF45FD /* UploadSelfiesView.swift in Sources */,
				30697C2A2FB1FB0C00EF45FD /* UploadSelfiesViewModel.swift in Sources */,
				30697C2B2FB1FB0C00EF45FD /* NewShootFlowContainer.swift in Sources */,
				30697C2C2FB1FB0C00EF45FD /* VibePreset.swift in Sources */,
				30697C2D2FB1FB0C00EF45FD /* OnboardingView.swift in Sources */,
				30697C2E2FB1FB0C00EF45FD /* OnboardingViewModel.swift in Sources */,
				30697C2F2FB1FB0C00EF45FD /* BananaStoreSheetView.swift in Sources */,
				30697C302FB1FB0C00EF45FD /* ProfileView.swift in Sources */,
				30697C312FB1FB0C00EF45FD /* ProfileViewModel.swift in Sources */,
				30697C322FB1FB0C00EF45FD /* CustomButtonView.swift in Sources */,
				30697C332FB1FB0C00EF45FD /* BananaManager.swift in Sources */,
				30697C342FB1FB0C00EF45FD /* StoreKitManager.swift in Sources */,
				30697C352FB1FB0C00EF45FD /* APIResponses.swift in Sources */,
				30697C362FB1FB0C00EF45FD /* AIService.swift in Sources */,
				30697C372FB1FB0C00EF45FD /* Endpoints.swift in Sources */,
				30697C382FB1FB0C00EF45FD /* HTTPClient.swift in Sources */,
				30697C392FB1FB0C00EF45FD /* WaveSpeedSubmitParsing.swift in Sources */,
				30697C3A2FB1FB0C00EF45FD /* GeneratedPhoto.swift in Sources */,
				30697C3B2FB1FB0C00EF45FD /* ShootSession.swift in Sources */,
				30697C3C2FB1FB0C00EF45FD /* ShootRepository.swift in Sources */,
				30697C3D2FB1FB0C00EF45FD /* PersistenceController.swift in Sources */,
				30697C3E2FB1FB0C00EF45FD /* UIImage+Resize.swift in Sources */,
				30697C3F2FB1FB0C00EF45FD /* View+Loading.swift in Sources */,
				30697C402FB1FB0C00EF45FD /* AppFont.swift in Sources */,
				30697C412FB1FB0C00EF45FD /* AppLinks.swift in Sources */,
				30697C422FB1FB0C00EF45FD /* BananaToolbarTrailing.swift in Sources */,
				30697C432FB1FB0C00EF45FD /* Constants.swift in Sources */,
				30697C442FB1FB0C00EF45FD /* ImagePicker.swift in Sources */,
				30697C452FB1FB0C00EF45FD /* KeychainHelper.swift in Sources */,
				30697C462FB1FB0C00EF45FD /* PhotoAlbumSaver.swift in Sources */,
			);
			runOnlyForDeploymentPostprocessing = 0;
		};
/* End PBXSourcesBuildPhase section */

/* Begin XCBuildConfiguration section */
		30D287D42FA2BE2E008D5BDC /* Debug */ = {
			isa = XCBuildConfiguration;
			buildSettings = {
				ALWAYS_SEARCH_USER_PATHS = NO;
				ASSETCATALOG_COMPILER_GENERATE_SWIFT_ASSET_SYMBOL_EXTENSIONS = YES;
				CLANG_ANALYZER_NONNULL = YES;
				CLANG_ANALYZER_NUMBER_OBJECT_CONVERSION = YES_AGGRESSIVE;
				CLANG_CXX_LANGUAGE_STANDARD = "gnu++20";
				CLANG_ENABLE_MODULES = YES;
				CLANG_ENABLE_OBJC_ARC = YES;
				CLANG_ENABLE_OBJC_WEAK = YES;
				CLANG_WARN_BLOCK_CAPTURE_AUTORELEASING = YES;
				CLANG_WARN_BOOL_CONVERSION = YES;
				CLANG_WARN_COMMA = YES;
				CLANG_WARN_CONSTANT_CONVERSION = YES;
				CLANG_WARN_DEPRECATED_OBJC_IMPLEMENTATIONS = YES;
				CLANG_WARN_DIRECT_OBJC_ISA_USAGE = YES_ERROR;
				CLANG_WARN_DOCUMENTATION_COMMENTS = YES;
				CLANG_WARN_EMPTY_BODY = YES;
				CLANG_WARN_ENUM_CONVERSION = YES;
				CLANG_WARN_INFINITE_RECURSION = YES;
				CLANG_WARN_INT_CONVERSION = YES;
				CLANG_WARN_NON_LITERAL_NULL_CONVERSION = YES;
				CLANG_WARN_OBJC_IMPLICIT_RETAIN_SELF = YES;
				CLANG_WARN_OBJC_LITERAL_CONVERSION = YES;
				CLANG_WARN_OBJC_ROOT_CLASS = YES_ERROR;
				CLANG_WARN_QUOTED_INCLUDE_IN_FRAMEWORK_HEADER = YES;
				CLANG_WARN_RANGE_LOOP_ANALYSIS = YES;
				CLANG_WARN_STRICT_PROTOTYPES = YES;
				CLANG_WARN_SUSPICIOUS_MOVE = YES;
				CLANG_WARN_UNGUARDED_AVAILABILITY = YES_AGGRESSIVE;
				CLANG_WARN_UNREACHABLE_CODE = YES;
				CLANG_WARN__DUPLICATE_METHOD_MATCH = YES;
				COPY_PHASE_STRIP = NO;
				DEBUG_INFORMATION_FORMAT = dwarf;
				ENABLE_STRICT_OBJC_MSGSEND = YES;
				ENABLE_TESTABILITY = YES;
				ENABLE_USER_SCRIPT_SANDBOXING = YES;
				GCC_C_LANGUAGE_STANDARD = gnu17;
				GCC_DYNAMIC_NO_PIC = NO;
				GCC_NO_COMMON_BLOCKS = YES;
				GCC_OPTIMIZATION_LEVEL = 0;
				GCC_PREPROCESSOR_DEFINITIONS = (
					"DEBUG=1",
					"$(inherited)",
				);
				GCC_WARN_64_TO_32_BIT_CONVERSION = YES;
				GCC_WARN_ABOUT_RETURN_TYPE = YES_ERROR;
				GCC_WARN_UNDECLARED_SELECTOR = YES;
				GCC_WARN_UNINITIALIZED_AUTOS = YES_AGGRESSIVE;
				GCC_WARN_UNUSED_FUNCTION = YES;
				GCC_WARN_UNUSED_VARIABLE = YES;
				IPHONEOS_DEPLOYMENT_TARGET = 26.4;
				LOCALIZATION_PREFERS_STRING_CATALOGS = YES;
				MTL_ENABLE_DEBUG_INFO = INCLUDE_SOURCE;
				MTL_FAST_MATH = YES;
				ONLY_ACTIVE_ARCH = YES;
				SDKROOT = iphoneos;
				SWIFT_ACTIVE_COMPILATION_CONDITIONS = "DEBUG $(inherited)";
				SWIFT_OPTIMIZATION_LEVEL = "-Onone";
			};
			name = Debug;
		};
		30D287D52FA2BE2E008D5BDC /* Release */ = {
			isa = XCBuildConfiguration;
			buildSettings = {
				ALWAYS_SEARCH_USER_PATHS = NO;
				ASSETCATALOG_COMPILER_GENERATE_SWIFT_ASSET_SYMBOL_EXTENSIONS = YES;
				CLANG_ANALYZER_NONNULL = YES;
				CLANG_ANALYZER_NUMBER_OBJECT_CONVERSION = YES_AGGRESSIVE;
				CLANG_CXX_LANGUAGE_STANDARD = "gnu++20";
				CLANG_ENABLE_MODULES = YES;
				CLANG_ENABLE_OBJC_ARC = YES;
				CLANG_ENABLE_OBJC_WEAK = YES;
				CLANG_WARN_BLOCK_CAPTURE_AUTORELEASING = YES;
				CLANG_WARN_BOOL_CONVERSION = YES;
				CLANG_WARN_COMMA = YES;
				CLANG_WARN_CONSTANT_CONVERSION = YES;
				CLANG_WARN_DEPRECATED_OBJC_IMPLEMENTATIONS = YES;
				CLANG_WARN_DIRECT_OBJC_ISA_USAGE = YES_ERROR;
				CLANG_WARN_DOCUMENTATION_COMMENTS = YES;
				CLANG_WARN_EMPTY_BODY = YES;
				CLANG_WARN_ENUM_CONVERSION = YES;
				CLANG_WARN_INFINITE_RECURSION = YES;
				CLANG_WARN_INT_CONVERSION = YES;
				CLANG_WARN_NON_LITERAL_NULL_CONVERSION = YES;
				CLANG_WARN_OBJC_IMPLICIT_RETAIN_SELF = YES;
				CLANG_WARN_OBJC_LITERAL_CONVERSION = YES;
				CLANG_WARN_OBJC_ROOT_CLASS = YES_ERROR;
				CLANG_WARN_QUOTED_INCLUDE_IN_FRAMEWORK_HEADER = YES;
				CLANG_WARN_RANGE_LOOP_ANALYSIS = YES;
				CLANG_WARN_STRICT_PROTOTYPES = YES;
				CLANG_WARN_SUSPICIOUS_MOVE = YES;
				CLANG_WARN_UNGUARDED_AVAILABILITY = YES_AGGRESSIVE;
				CLANG_WARN_UNREACHABLE_CODE = YES;
				CLANG_WARN__DUPLICATE_METHOD_MATCH = YES;
				COPY_PHASE_STRIP = NO;
				DEBUG_INFORMATION_FORMAT = "dwarf-with-dsym";
				ENABLE_NS_ASSERTIONS = NO;
				ENABLE_STRICT_OBJC_MSGSEND = YES;
				ENABLE_USER_SCRIPT_SANDBOXING = YES;
				GCC_C_LANGUAGE_STANDARD = gnu17;
				GCC_NO_COMMON_BLOCKS = YES;
				GCC_WARN_64_TO_32_BIT_CONVERSION = YES;
				GCC_WARN_ABOUT_RETURN_TYPE = YES_ERROR;
				GCC_WARN_UNDECLARED_SELECTOR = YES;
				GCC_WARN_UNINITIALIZED_AUTOS = YES_AGGRESSIVE;
				GCC_WARN_UNUSED_FUNCTION = YES;
				GCC_WARN_UNUSED_VARIABLE = YES;
				IPHONEOS_DEPLOYMENT_TARGET = 26.4;
				LOCALIZATION_PREFERS_STRING_CATALOGS = YES;
				MTL_ENABLE_DEBUG_INFO = NO;
				MTL_FAST_MATH = YES;
				SDKROOT = iphoneos;
				SWIFT_COMPILATION_MODE = wholemodule;
				VALIDATE_PRODUCT = YES;
			};
			name = Release;
		};
		30D287D72FA2BE2E008D5BDC /* Debug */ = {
			isa = XCBuildConfiguration;
			baseConfigurationReference = 41AE9EFB32A131E0203AE0EF /* Pods-1AIMoodBoardPhotoApp.debug.xcconfig */;
			buildSettings = {
				ASSETCATALOG_COMPILER_APPICON_NAME = AppIcon;
				ASSETCATALOG_COMPILER_GLOBAL_ACCENT_COLOR_NAME = AccentColor;
				CODE_SIGN_STYLE = Automatic;
				CURRENT_PROJECT_VERSION = 1;
				ENABLE_PREVIEWS = YES;
				GENERATE_INFOPLIST_FILE = YES;
				INFOPLIST_KEY_CFBundleDisplayName = "AI Photo Generator. Aesthetic";
				INFOPLIST_KEY_NSPhotoLibraryAddUsageDescription = "Mood Board saves generated photos to your library when you choose Save.";
				INFOPLIST_KEY_NSPhotoLibraryUsageDescription = "Mood Board needs access to your photo library to pick selfies and reference images.";
				INFOPLIST_KEY_UIAppFonts = "Utilities/Fonts/PlayfairDisplay.ttf Utilities/Fonts/PlayfairDisplay-Italic.ttf";
				INFOPLIST_KEY_UIApplicationSceneManifest_Generation = YES;
				INFOPLIST_KEY_UIApplicationSupportsIndirectInputEvents = YES;
				INFOPLIST_KEY_UILaunchScreen_Generation = YES;
				INFOPLIST_KEY_UISupportedInterfaceOrientations = UIInterfaceOrientationPortrait;
				INFOPLIST_KEY_UISupportedInterfaceOrientations_iPad = "UIInterfaceOrientationLandscapeLeft UIInterfaceOrientationLandscapeRight UIInterfaceOrientationPortrait UIInterfaceOrientationPortraitUpsideDown";
				IPHONEOS_DEPLOYMENT_TARGET = 17.6;
				LD_RUNPATH_SEARCH_PATHS = (
					"$(inherited)",
					"@executable_path/Frameworks",
				);
				MARKETING_VERSION = 1.0;
				PRODUCT_BUNDLE_IDENTIFIER = com.nev.dghdt36kkw0l;
				PRODUCT_NAME = "$(TARGET_NAME)";
				STRING_CATALOG_GENERATE_SYMBOLS = YES;
				SUPPORTED_PLATFORMS = "iphoneos iphonesimulator";
				SUPPORTS_MACCATALYST = NO;
				SUPPORTS_MAC_DESIGNED_FOR_IPHONE_IPAD = NO;
				SUPPORTS_XR_DESIGNED_FOR_IPHONE_IPAD = NO;
				SWIFT_APPROACHABLE_CONCURRENCY = YES;
				SWIFT_DEFAULT_ACTOR_ISOLATION = MainActor;
				SWIFT_EMIT_LOC_STRINGS = YES;
				SWIFT_UPCOMING_FEATURE_MEMBER_IMPORT_VISIBILITY = YES;
				SWIFT_VERSION = 5.0;
				TARGETED_DEVICE_FAMILY = 1;
			};
			name = Debug;
		};
		30D287D82FA2BE2E008D5BDC /* Release */ = {
			isa = XCBuildConfiguration;
			baseConfigurationReference = 0258B66AD2D4FB7F8E00C13F /* Pods-1AIMoodBoardPhotoApp.release.xcconfig */;
			buildSettings = {
				ASSETCATALOG_COMPILER_APPICON_NAME = AppIcon;
				ASSETCATALOG_COMPILER_GLOBAL_ACCENT_COLOR_NAME = AccentColor;
				CODE_SIGN_STYLE = Automatic;
				CURRENT_PROJECT_VERSION = 1;
				ENABLE_PREVIEWS = YES;
				GENERATE_INFOPLIST_FILE = YES;
				INFOPLIST_KEY_CFBundleDisplayName = "AI Photo Generator. Aesthetic";
				INFOPLIST_KEY_NSPhotoLibraryAddUsageDescription = "Mood Board saves generated photos to your library when you choose Save.";
				INFOPLIST_KEY_NSPhotoLibraryUsageDescription = "Mood Board needs access to your photo library to pick selfies and reference images.";
				INFOPLIST_KEY_UIAppFonts = "Utilities/Fonts/PlayfairDisplay.ttf Utilities/Fonts/PlayfairDisplay-Italic.ttf";
				INFOPLIST_KEY_UIApplicationSceneManifest_Generation = YES;
				INFOPLIST_KEY_UIApplicationSupportsIndirectInputEvents = YES;
				INFOPLIST_KEY_UILaunchScreen_Generation = YES;
				INFOPLIST_KEY_UISupportedInterfaceOrientations = UIInterfaceOrientationPortrait;
				INFOPLIST_KEY_UISupportedInterfaceOrientations_iPad = "UIInterfaceOrientationLandscapeLeft UIInterfaceOrientationLandscapeRight UIInterfaceOrientationPortrait UIInterfaceOrientationPortraitUpsideDown";
				IPHONEOS_DEPLOYMENT_TARGET = 17.6;
				LD_RUNPATH_SEARCH_PATHS = (
					"$(inherited)",
					"@executable_path/Frameworks",
				);
				MARKETING_VERSION = 1.0;
				PRODUCT_BUNDLE_IDENTIFIER = com.nev.dghdt36kkw0l;
				PRODUCT_NAME = "$(TARGET_NAME)";
				STRING_CATALOG_GENERATE_SYMBOLS = YES;
				SUPPORTED_PLATFORMS = "iphoneos iphonesimulator";
				SUPPORTS_MACCATALYST = NO;
				SUPPORTS_MAC_DESIGNED_FOR_IPHONE_IPAD = NO;
				SUPPORTS_XR_DESIGNED_FOR_IPHONE_IPAD = NO;
				SWIFT_APPROACHABLE_CONCURRENCY = YES;
				SWIFT_DEFAULT_ACTOR_ISOLATION = MainActor;
				SWIFT_EMIT_LOC_STRINGS = YES;
				SWIFT_UPCOMING_FEATURE_MEMBER_IMPORT_VISIBILITY = YES;
				SWIFT_VERSION = 5.0;
				TARGETED_DEVICE_FAMILY = 1;
			};
			name = Release;
		};
/* End XCBuildConfiguration section */

/* Begin XCConfigurationList section */
		30D287C62FA2BE2D008D5BDC /* Build configuration list for PBXProject "1AIMoodBoardPhotoApp" */ = {
			isa = XCConfigurationList;
			buildConfigurations = (
				30D287D42FA2BE2E008D5BDC /* Debug */,
				30D287D52FA2BE2E008D5BDC /* Release */,
			);
			defaultConfigurationIsVisible = 0;
			defaultConfigurationName = Release;
		};
		30D287D62FA2BE2E008D5BDC /* Build configuration list for PBXNativeTarget "1AIMoodBoardPhotoApp" */ = {
			isa = XCConfigurationList;
			buildConfigurations = (
				30D287D72FA2BE2E008D5BDC /* Debug */,
				30D287D82FA2BE2E008D5BDC /* Release */,
			);
			defaultConfigurationIsVisible = 0;
			defaultConfigurationName = Release;
		};
/* End XCConfigurationList section */
	};
	rootObject = 30D287C32FA2BE2D008D5BDC /* Project object */;
}
