// !$*UTF8*$!
{
	archiveVersion = 1;
	classes = {
	};
	objectVersion = 60;
	objects = {

/* Begin PBXBuildFile section */
		301217C52FB7C7DB0071B4BB /* AppsFlyerLib-Static in Frameworks */ = {isa = PBXBuildFile; productRef = 301217C42FB7C7DB0071B4BB /* AppsFlyerLib-Static */; };
		3063E2F92FA7EAC70071A61B /* StoreKit.framework in Frameworks */ = {isa = PBXBuildFile; fileRef = 3063E2F82FA7EAC60071A61B /* StoreKit.framework */; };
		30BE4C992FCA3C8600ED4307 /* AppDependencies.swift in Sources */ = {isa = PBXBuildFile; fileRef = 30BE4C4C2FCA3C8600ED4307 /* AppDependencies.swift */; };
		30BE4C9A2FCA3C8600ED4307 /* MoodBoardApp.swift in Sources */ = {isa = PBXBuildFile; fileRef = 30BE4C4D2FCA3C8600ED4307 /* MoodBoardApp.swift */; };
		30BE4C9B2FCA3C8600ED4307 /* RootView.swift in Sources */ = {isa = PBXBuildFile; fileRef = 30BE4C4E2FCA3C8600ED4307 /* RootView.swift */; };
		30BE4C9C2FCA3C8600ED4307 /* HomeView.swift in Sources */ = {isa = PBXBuildFile; fileRef = 30BE4C502FCA3C8600ED4307 /* HomeView.swift */; };
		30BE4C9D2FCA3C8600ED4307 /* HomeViewModel.swift in Sources */ = {isa = PBXBuildFile; fileRef = 30BE4C512FCA3C8600ED4307 /* HomeViewModel.swift */; };
		30BE4C9E2FCA3C8600ED4307 /* NoShootView.swift in Sources */ = {isa = PBXBuildFile; fileRef = 30BE4C522FCA3C8600ED4307 /* NoShootView.swift */; };
		30BE4C9F2FCA3C8600ED4307 /* MyPhotosView.swift in Sources */ = {isa = PBXBuildFile; fileRef = 30BE4C542FCA3C8600ED4307 /* MyPhotosView.swift */; };
		30BE4CA02FCA3C8600ED4307 /* MyPhotosViewModel.swift in Sources */ = {isa = PBXBuildFile; fileRef = 30BE4C552FCA3C8600ED4307 /* MyPhotosViewModel.swift */; };
		30BE4CA12FCA3C8600ED4307 /* NewShootCoordinator.swift in Sources */ = {isa = PBXBuildFile; fileRef = 30BE4C572FCA3C8600ED4307 /* NewShootCoordinator.swift */; };
		30BE4CA22FCA3C8600ED4307 /* GalleryResultView.swift in Sources */ = {isa = PBXBuildFile; fileRef = 30BE4C592FCA3C8600ED4307 /* GalleryResultView.swift */; };
		30BE4CA32FCA3C8600ED4307 /* GalleryResultViewModel.swift in Sources */ = {isa = PBXBuildFile; fileRef = 30BE4C5A2FCA3C8600ED4307 /* GalleryResultViewModel.swift */; };
		30BE4CA42FCA3C8600ED4307 /* ProcessingView.swift in Sources */ = {isa = PBXBuildFile; fileRef = 30BE4C5B2FCA3C8600ED4307 /* ProcessingView.swift */; };
		30BE4CA52FCA3C8600ED4307 /* ProcessingViewModel.swift in Sources */ = {isa = PBXBuildFile; fileRef = 30BE4C5C2FCA3C8600ED4307 /* ProcessingViewModel.swift */; };
		30BE4CA62FCA3C8600ED4307 /* StyleSelectionView.swift in Sources */ = {isa = PBXBuildFile; fileRef = 30BE4C5D2FCA3C8600ED4307 /* StyleSelectionView.swift */; };
		30BE4CA72FCA3C8600ED4307 /* UploadSelfiesView.swift in Sources */ = {isa = PBXBuildFile; fileRef = 30BE4C5E2FCA3C8600ED4307 /* UploadSelfiesView.swift */; };
		30BE4CA82FCA3C8600ED4307 /* UploadSelfiesViewModel.swift in Sources */ = {isa = PBXBuildFile; fileRef = 30BE4C5F2FCA3C8600ED4307 /* UploadSelfiesViewModel.swift */; };
		30BE4CA92FCA3C8600ED4307 /* AIProcessingConsentView.swift in Sources */ = {isa = PBXBuildFile; fileRef = 30BE4C612FCA3C8600ED4307 /* AIProcessingConsentView.swift */; };
		30BE4CAA2FCA3C8600ED4307 /* NewShootFlowContainer.swift in Sources */ = {isa = PBXBuildFile; fileRef = 30BE4C622FCA3C8600ED4307 /* NewShootFlowContainer.swift */; };
		30BE4CAB2FCA3C8600ED4307 /* VibePreset.swift in Sources */ = {isa = PBXBuildFile; fileRef = 30BE4C632FCA3C8600ED4307 /* VibePreset.swift */; };
		30BE4CAC2FCA3C8600ED4307 /* OnboardingView.swift in Sources */ = {isa = PBXBuildFile; fileRef = 30BE4C652FCA3C8600ED4307 /* OnboardingView.swift */; };
		30BE4CAD2FCA3C8600ED4307 /* OnboardingViewModel.swift in Sources */ = {isa = PBXBuildFile; fileRef = 30BE4C662FCA3C8600ED4307 /* OnboardingViewModel.swift */; };
		30BE4CAE2FCA3C8600ED4307 /* PaywallView.swift in Sources */ = {isa = PBXBuildFile; fileRef = 30BE4C682FCA3C8600ED4307 /* PaywallView.swift */; };
		30BE4CAF2FCA3C8600ED4307 /* ProfileView.swift in Sources */ = {isa = PBXBuildFile; fileRef = 30BE4C6A2FCA3C8600ED4307 /* ProfileView.swift */; };
		30BE4CB02FCA3C8600ED4307 /* ProfileViewModel.swift in Sources */ = {isa = PBXBuildFile; fileRef = 30BE4C6B2FCA3C8600ED4307 /* ProfileViewModel.swift */; };
		30BE4CB12FCA3C8600ED4307 /* CustomButtonView.swift in Sources */ = {isa = PBXBuildFile; fileRef = 30BE4C6E2FCA3C8600ED4307 /* CustomButtonView.swift */; };
		30BE4CB22FCA3C8600ED4307 /* FreeTrialAccess.swift in Sources */ = {isa = PBXBuildFile; fileRef = 30BE4C702FCA3C8600ED4307 /* FreeTrialAccess.swift */; };
		30BE4CB32FCA3C8600ED4307 /* StoreKitManager.swift in Sources */ = {isa = PBXBuildFile; fileRef = 30BE4C712FCA3C8600ED4307 /* StoreKitManager.swift */; };
		30BE4CB42FCA3C8600ED4307 /* APIResponses.swift in Sources */ = {isa = PBXBuildFile; fileRef = 30BE4C732FCA3C8600ED4307 /* APIResponses.swift */; };
		30BE4CB52FCA3C8600ED4307 /* AIService.swift in Sources */ = {isa = PBXBuildFile; fileRef = 30BE4C752FCA3C8600ED4307 /* AIService.swift */; };
		30BE4CB62FCA3C8600ED4307 /* Endpoints.swift in Sources */ = {isa = PBXBuildFile; fileRef = 30BE4C762FCA3C8600ED4307 /* Endpoints.swift */; };
		30BE4CB72FCA3C8600ED4307 /* HTTPClient.swift in Sources */ = {isa = PBXBuildFile; fileRef = 30BE4C772FCA3C8600ED4307 /* HTTPClient.swift */; };
		30BE4CB82FCA3C8600ED4307 /* WaveSpeedSubmitParsing.swift in Sources */ = {isa = PBXBuildFile; fileRef = 30BE4C782FCA3C8600ED4307 /* WaveSpeedSubmitParsing.swift */; };
		30BE4CB92FCA3C8600ED4307 /* GeneratedPhoto.swift in Sources */ = {isa = PBXBuildFile; fileRef = 30BE4C7A2FCA3C8600ED4307 /* GeneratedPhoto.swift */; };
		30BE4CBA2FCA3C8600ED4307 /* ShootSession.swift in Sources */ = {isa = PBXBuildFile; fileRef = 30BE4C7B2FCA3C8600ED4307 /* ShootSession.swift */; };
		30BE4CBB2FCA3C8600ED4307 /* ShootRepository.swift in Sources */ = {isa = PBXBuildFile; fileRef = 30BE4C7D2FCA3C8600ED4307 /* ShootRepository.swift */; };
		30BE4CBC2FCA3C8600ED4307 /* PersistenceController.swift in Sources */ = {isa = PBXBuildFile; fileRef = 30BE4C7F2FCA3C8600ED4307 /* PersistenceController.swift */; };
		30BE4CBD2FCA3C8600ED4307 /* UIImage+Resize.swift in Sources */ = {isa = PBXBuildFile; fileRef = 30BE4C812FCA3C8600ED4307 /* UIImage+Resize.swift */; };
		30BE4CBE2FCA3C8600ED4307 /* View+Loading.swift in Sources */ = {isa = PBXBuildFile; fileRef = 30BE4C822FCA3C8600ED4307 /* View+Loading.swift */; };
		30BE4CBF2FCA3C8600ED4307 /* AIProcessingConsent.swift in Sources */ = {isa = PBXBuildFile; fileRef = 30BE4C872FCA3C8600ED4307 /* AIProcessingConsent.swift */; };
		30BE4CC02FCA3C8600ED4307 /* AppEvents.swift in Sources */ = {isa = PBXBuildFile; fileRef = 30BE4C882FCA3C8600ED4307 /* AppEvents.swift */; };
		30BE4CC12FCA3C8600ED4307 /* AppFont.swift in Sources */ = {isa = PBXBuildFile; fileRef = 30BE4C892FCA3C8600ED4307 /* AppFont.swift */; };
		30BE4CC22FCA3C8600ED4307 /* AppLinks.swift in Sources */ = {isa = PBXBuildFile; fileRef = 30BE4C8A2FCA3C8600ED4307 /* AppLinks.swift */; };
		30BE4CC32FCA3C8600ED4307 /* AppTrackingCoordinator.swift in Sources */ = {isa = PBXBuildFile; fileRef = 30BE4C8B2FCA3C8600ED4307 /* AppTrackingCoordinator.swift */; };
		30BE4CC42FCA3C8600ED4307 /* Constants.swift in Sources */ = {isa = PBXBuildFile; fileRef = 30BE4C8C2FCA3C8600ED4307 /* Constants.swift */; };
		30BE4CC52FCA3C8600ED4307 /* ImagePicker.swift in Sources */ = {isa = PBXBuildFile; fileRef = 30BE4C8D2FCA3C8600ED4307 /* ImagePicker.swift */; };
		30BE4CC62FCA3C8600ED4307 /* KeychainHelper.swift in Sources */ = {isa = PBXBuildFile; fileRef = 30BE4C8E2FCA3C8600ED4307 /* KeychainHelper.swift */; };
		30BE4CC72FCA3C8600ED4307 /* L10n.swift in Sources */ = {isa = PBXBuildFile; fileRef = 30BE4C8F2FCA3C8600ED4307 /* L10n.swift */; };
		30BE4CC82FCA3C8600ED4307 /* MainTabSelectionEnvironment.swift in Sources */ = {isa = PBXBuildFile; fileRef = 30BE4C902FCA3C8600ED4307 /* MainTabSelectionEnvironment.swift */; };
		30BE4CC92FCA3C8600ED4307 /* PhotoAlbumSaver.swift in Sources */ = {isa = PBXBuildFile; fileRef = 30BE4C912FCA3C8600ED4307 /* PhotoAlbumSaver.swift */; };
		30BE4CCA2FCA3C8600ED4307 /* SubscriptionToolbarTrailing.swift in Sources */ = {isa = PBXBuildFile; fileRef = 30BE4C922FCA3C8600ED4307 /* SubscriptionToolbarTrailing.swift */; };
		30BE4CCB2FCA3C8600ED4307 /* PlayfairDisplay.ttf in Resources */ = {isa = PBXBuildFile; fileRef = 30BE4C842FCA3C8600ED4307 /* PlayfairDisplay.ttf */; };
		30BE4CCC2FCA3C8600ED4307 /* PlayfairDisplay-Italic.ttf in Resources */ = {isa = PBXBuildFile; fileRef = 30BE4C852FCA3C8600ED4307 /* PlayfairDisplay-Italic.ttf */; };
		30BE4CCD2FCA3C8600ED4307 /* Assets.xcassets in Resources */ = {isa = PBXBuildFile; fileRef = 30BE4C942FCA3C8600ED4307 /* Assets.xcassets */; };
		30BE4CCE2FCA3C8600ED4307 /* Configuration.storekit in Resources */ = {isa = PBXBuildFile; fileRef = 30BE4C952FCA3C8600ED4307 /* Configuration.storekit */; };
		30BE4CCF2FCA3C8600ED4307 /* InfoPlist.xcstrings in Resources */ = {isa = PBXBuildFile; fileRef = 30BE4C962FCA3C8600ED4307 /* InfoPlist.xcstrings */; };
		30BE4CD02FCA3C8600ED4307 /* Localizable.xcstrings in Resources */ = {isa = PBXBuildFile; fileRef = 30BE4C972FCA3C8600ED4307 /* Localizable.xcstrings */; };
/* End PBXBuildFile section */

/* Begin PBXFileReference section */
		0258B66AD2D4FB7F8E00C13F /* Pods-1AIMoodBoardPhotoApp.release.xcconfig */ = {isa = PBXFileReference; includeInIndex = 1; lastKnownFileType = text.xcconfig; name = "Pods-1AIMoodBoardPhotoApp.release.xcconfig"; path = "Target Support Files/Pods-1AIMoodBoardPhotoApp/Pods-1AIMoodBoardPhotoApp.release.xcconfig"; sourceTree = "<group>"; };
		3063E2F82FA7EAC60071A61B /* StoreKit.framework */ = {isa = PBXFileReference; lastKnownFileType = wrapper.framework; name = StoreKit.framework; path = System/Library/Frameworks/StoreKit.framework; sourceTree = SDKROOT; };
		30BE4C4C2FCA3C8600ED4307 /* AppDependencies.swift */ = {isa = PBXFileReference; lastKnownFileType = sourcecode.swift; path = AppDependencies.swift; sourceTree = "<group>"; };
		30BE4C4D2FCA3C8600ED4307 /* MoodBoardApp.swift */ = {isa = PBXFileReference; lastKnownFileType = sourcecode.swift; path = MoodBoardApp.swift; sourceTree = "<group>"; };
		30BE4C4E2FCA3C8600ED4307 /* RootView.swift */ = {isa = PBXFileReference; lastKnownFileType = sourcecode.swift; path = RootView.swift; sourceTree = "<group>"; };
		30BE4C502FCA3C8600ED4307 /* HomeView.swift */ = {isa = PBXFileReference; lastKnownFileType = sourcecode.swift; path = HomeView.swift; sourceTree = "<group>"; };
		30BE4C512FCA3C8600ED4307 /* HomeViewModel.swift */ = {isa = PBXFileReference; lastKnownFileType = sourcecode.swift; path = HomeViewModel.swift; sourceTree = "<group>"; };
		30BE4C522FCA3C8600ED4307 /* NoShootView.swift */ = {isa = PBXFileReference; lastKnownFileType = sourcecode.swift; path = NoShootView.swift; sourceTree = "<group>"; };
		30BE4C542FCA3C8600ED4307 /* MyPhotosView.swift */ = {isa = PBXFileReference; lastKnownFileType = sourcecode.swift; path = MyPhotosView.swift; sourceTree = "<group>"; };
		30BE4C552FCA3C8600ED4307 /* MyPhotosViewModel.swift */ = {isa = PBXFileReference; lastKnownFileType = sourcecode.swift; path = MyPhotosViewModel.swift; sourceTree = "<group>"; };
		30BE4C572FCA3C8600ED4307 /* NewShootCoordinator.swift */ = {isa = PBXFileReference; lastKnownFileType = sourcecode.swift; path = NewShootCoordinator.swift; sourceTree = "<group>"; };
		30BE4C592FCA3C8600ED4307 /* GalleryResultView.swift */ = {isa = PBXFileReference; lastKnownFileType = sourcecode.swift; path = GalleryResultView.swift; sourceTree = "<group>"; };
		30BE4C5A2FCA3C8600ED4307 /* GalleryResultViewModel.swift */ = {isa = PBXFileReference; lastKnownFileType = sourcecode.swift; path = GalleryResultViewModel.swift; sourceTree = "<group>"; };
		30BE4C5B2FCA3C8600ED4307 /* ProcessingView.swift */ = {isa = PBXFileReference; lastKnownFileType = sourcecode.swift; path = ProcessingView.swift; sourceTree = "<group>"; };
		30BE4C5C2FCA3C8600ED4307 /* ProcessingViewModel.swift */ = {isa = PBXFileReference; lastKnownFileType = sourcecode.swift; path = ProcessingViewModel.swift; sourceTree = "<group>"; };
		30BE4C5D2FCA3C8600ED4307 /* StyleSelectionView.swift */ = {isa = PBXFileReference; lastKnownFileType = sourcecode.swift; path = StyleSelectionView.swift; sourceTree = "<group>"; };
		30BE4C5E2FCA3C8600ED4307 /* UploadSelfiesView.swift */ = {isa = PBXFileReference; lastKnownFileType = sourcecode.swift; path = UploadSelfiesView.swift; sourceTree = "<group>"; };
		30BE4C5F2FCA3C8600ED4307 /* UploadSelfiesViewModel.swift */ = {isa = PBXFileReference; lastKnownFileType = sourcecode.swift; path = UploadSelfiesViewModel.swift; sourceTree = "<group>"; };
		30BE4C612FCA3C8600ED4307 /* AIProcessingConsentView.swift */ = {isa = PBXFileReference; lastKnownFileType = sourcecode.swift; path = AIProcessingConsentView.swift; sourceTree = "<group>"; };
		30BE4C622FCA3C8600ED4307 /* NewShootFlowContainer.swift */ = {isa = PBXFileReference; lastKnownFileType = sourcecode.swift; path = NewShootFlowContainer.swift; sourceTree = "<group>"; };
		30BE4C632FCA3C8600ED4307 /* VibePreset.swift */ = {isa = PBXFileReference; lastKnownFileType = sourcecode.swift; path = VibePreset.swift; sourceTree = "<group>"; };
		30BE4C652FCA3C8600ED4307 /* OnboardingView.swift */ = {isa = PBXFileReference; lastKnownFileType = sourcecode.swift; path = OnboardingView.swift; sourceTree = "<group>"; };
		30BE4C662FCA3C8600ED4307 /* OnboardingViewModel.swift */ = {isa = PBXFileReference; lastKnownFileType = sourcecode.swift; path = OnboardingViewModel.swift; sourceTree = "<group>"; };
		30BE4C682FCA3C8600ED4307 /* PaywallView.swift */ = {isa = PBXFileReference; lastKnownFileType = sourcecode.swift; path = PaywallView.swift; sourceTree = "<group>"; };
		30BE4C6A2FCA3C8600ED4307 /* ProfileView.swift */ = {isa = PBXFileReference; lastKnownFileType = sourcecode.swift; path = ProfileView.swift; sourceTree = "<group>"; };
		30BE4C6B2FCA3C8600ED4307 /* ProfileViewModel.swift */ = {isa = PBXFileReference; lastKnownFileType = sourcecode.swift; path = ProfileViewModel.swift; sourceTree = "<group>"; };
		30BE4C6E2FCA3C8600ED4307 /* CustomButtonView.swift */ = {isa = PBXFileReference; lastKnownFileType = sourcecode.swift; path = CustomButtonView.swift; sourceTree = "<group>"; };
		30BE4C702FCA3C8600ED4307 /* FreeTrialAccess.swift */ = {isa = PBXFileReference; lastKnownFileType = sourcecode.swift; path = FreeTrialAccess.swift; sourceTree = "<group>"; };
		30BE4C712FCA3C8600ED4307 /* StoreKitManager.swift */ = {isa = PBXFileReference; lastKnownFileType = sourcecode.swift; path = StoreKitManager.swift; sourceTree = "<group>"; };
		30BE4C732FCA3C8600ED4307 /* APIResponses.swift */ = {isa = PBXFileReference; lastKnownFileType = sourcecode.swift; path = APIResponses.swift; sourceTree = "<group>"; };
		30BE4C752FCA3C8600ED4307 /* AIService.swift */ = {isa = PBXFileReference; lastKnownFileType = sourcecode.swift; path = AIService.swift; sourceTree = "<group>"; };
		30BE4C762FCA3C8600ED4307 /* Endpoints.swift */ = {isa = PBXFileReference; lastKnownFileType = sourcecode.swift; path = Endpoints.swift; sourceTree = "<group>"; };
		30BE4C772FCA3C8600ED4307 /* HTTPClient.swift */ = {isa = PBXFileReference; lastKnownFileType = sourcecode.swift; path = HTTPClient.swift; sourceTree = "<group>"; };
		30BE4C782FCA3C8600ED4307 /* WaveSpeedSubmitParsing.swift */ = {isa = PBXFileReference; lastKnownFileType = sourcecode.swift; path = WaveSpeedSubmitParsing.swift; sourceTree = "<group>"; };
		30BE4C7A2FCA3C8600ED4307 /* GeneratedPhoto.swift */ = {isa = PBXFileReference; lastKnownFileType = sourcecode.swift; path = GeneratedPhoto.swift; sourceTree = "<group>"; };
		30BE4C7B2FCA3C8600ED4307 /* ShootSession.swift */ = {isa = PBXFileReference; lastKnownFileType = sourcecode.swift; path = ShootSession.swift; sourceTree = "<group>"; };
		30BE4C7D2FCA3C8600ED4307 /* ShootRepository.swift */ = {isa = PBXFileReference; lastKnownFileType = sourcecode.swift; path = ShootRepository.swift; sourceTree = "<group>"; };
		30BE4C7F2FCA3C8600ED4307 /* PersistenceController.swift */ = {isa = PBXFileReference; lastKnownFileType = sourcecode.swift; path = PersistenceController.swift; sourceTree = "<group>"; };
		30BE4C812FCA3C8600ED4307 /* UIImage+Resize.swift */ = {isa = PBXFileReference; lastKnownFileType = sourcecode.swift; path = "UIImage+Resize.swift"; sourceTree = "<group>"; };
		30BE4C822FCA3C8600ED4307 /* View+Loading.swift */ = {isa = PBXFileReference; lastKnownFileType = sourcecode.swift; path = "View+Loading.swift"; sourceTree = "<group>"; };
		30BE4C842FCA3C8600ED4307 /* PlayfairDisplay.ttf */ = {isa = PBXFileReference; lastKnownFileType = file; path = PlayfairDisplay.ttf; sourceTree = "<group>"; };
		30BE4C852FCA3C8600ED4307 /* PlayfairDisplay-Italic.ttf */ = {isa = PBXFileReference; lastKnownFileType = file; path = "PlayfairDisplay-Italic.ttf"; sourceTree = "<group>"; };
		30BE4C872FCA3C8600ED4307 /* AIProcessingConsent.swift */ = {isa = PBXFileReference; lastKnownFileType = sourcecode.swift; path = AIProcessingConsent.swift; sourceTree = "<group>"; };
		30BE4C882FCA3C8600ED4307 /* AppEvents.swift */ = {isa = PBXFileReference; lastKnownFileType = sourcecode.swift; path = AppEvents.swift; sourceTree = "<group>"; };
		30BE4C892FCA3C8600ED4307 /* AppFont.swift */ = {isa = PBXFileReference; lastKnownFileType = sourcecode.swift; path = AppFont.swift; sourceTree = "<group>"; };
		30BE4C8A2FCA3C8600ED4307 /* AppLinks.swift */ = {isa = PBXFileReference; lastKnownFileType = sourcecode.swift; path = AppLinks.swift; sourceTree = "<group>"; };
		30BE4C8B2FCA3C8600ED4307 /* AppTrackingCoordinator.swift */ = {isa = PBXFileReference; lastKnownFileType = sourcecode.swift; path = AppTrackingCoordinator.swift; sourceTree = "<group>"; };
		30BE4C8C2FCA3C8600ED4307 /* Constants.swift */ = {isa = PBXFileReference; lastKnownFileType = sourcecode.swift; path = Constants.swift; sourceTree = "<group>"; };
		30BE4C8D2FCA3C8600ED4307 /* ImagePicker.swift */ = {isa = PBXFileReference; lastKnownFileType = sourcecode.swift; path = ImagePicker.swift; sourceTree = "<group>"; };
		30BE4C8E2FCA3C8600ED4307 /* KeychainHelper.swift */ = {isa = PBXFileReference; lastKnownFileType = sourcecode.swift; path = KeychainHelper.swift; sourceTree = "<group>"; };
		30BE4C8F2FCA3C8600ED4307 /* L10n.swift */ = {isa = PBXFileReference; lastKnownFileType = sourcecode.swift; path = L10n.swift; sourceTree = "<group>"; };
		30BE4C902FCA3C8600ED4307 /* MainTabSelectionEnvironment.swift */ = {isa = PBXFileReference; lastKnownFileType = sourcecode.swift; path = MainTabSelectionEnvironment.swift; sourceTree = "<group>"; };
		30BE4C912FCA3C8600ED4307 /* PhotoAlbumSaver.swift */ = {isa = PBXFileReference; lastKnownFileType = sourcecode.swift; path = PhotoAlbumSaver.swift; sourceTree = "<group>"; };
		30BE4C922FCA3C8600ED4307 /* SubscriptionToolbarTrailing.swift */ = {isa = PBXFileReference; lastKnownFileType = sourcecode.swift; path = SubscriptionToolbarTrailing.swift; sourceTree = "<group>"; };
		30BE4C942FCA3C8600ED4307 /* Assets.xcassets */ = {isa = PBXFileReference; lastKnownFileType = folder.assetcatalog; path = Assets.xcassets; sourceTree = "<group>"; };
		30BE4C952FCA3C8600ED4307 /* Configuration.storekit */ = {isa = PBXFileReference; lastKnownFileType = text; path = Configuration.storekit; sourceTree = "<group>"; };
		30BE4C962FCA3C8600ED4307 /* InfoPlist.xcstrings */ = {isa = PBXFileReference; lastKnownFileType = text.json.xcstrings; path = InfoPlist.xcstrings; sourceTree = "<group>"; };
		30BE4C972FCA3C8600ED4307 /* Localizable.xcstrings */ = {isa = PBXFileReference; lastKnownFileType = text.json.xcstrings; path = Localizable.xcstrings; sourceTree = "<group>"; };
		30D287CB2FA2BE2D008D5BDC /* 1AIMoodBoardPhotoApp.app */ = {isa = PBXFileReference; explicitFileType = wrapper.application; includeInIndex = 0; path = 1AIMoodBoardPhotoApp.app; sourceTree = BUILT_PRODUCTS_DIR; };
		41AE9EFB32A131E0203AE0EF /* Pods-1AIMoodBoardPhotoApp.debug.xcconfig */ = {isa = PBXFileReference; includeInIndex = 1; lastKnownFileType = text.xcconfig; name = "Pods-1AIMoodBoardPhotoApp.debug.xcconfig"; path = "Target Support Files/Pods-1AIMoodBoardPhotoApp/Pods-1AIMoodBoardPhotoApp.debug.xcconfig"; sourceTree = "<group>"; };
		C50F35F092D7E25B73DDE672 /* Pods_1AIMoodBoardPhotoApp.framework */ = {isa = PBXFileReference; explicitFileType = wrapper.framework; includeInIndex = 0; path = Pods_1AIMoodBoardPhotoApp.framework; sourceTree = BUILT_PRODUCTS_DIR; };
/* End PBXFileReference section */

/* Begin PBXFrameworksBuildPhase section */
		30D287C82FA2BE2D008D5BDC /* Frameworks */ = {
			isa = PBXFrameworksBuildPhase;
			buildActionMask = 2147483647;
			files = (
				3063E2F92FA7EAC70071A61B /* StoreKit.framework in Frameworks */,
				301217C52FB7C7DB0071B4BB /* AppsFlyerLib-Static in Frameworks */,
			);
			runOnlyForDeploymentPostprocessing = 0;
		};
/* End PBXFrameworksBuildPhase section */

/* Begin PBXGroup section */
		30BE4C4F2FCA3C8600ED4307 /* App */ = {
			isa = PBXGroup;
			children = (
				30BE4C4C2FCA3C8600ED4307 /* AppDependencies.swift */,
				30BE4C4D2FCA3C8600ED4307 /* MoodBoardApp.swift */,
				30BE4C4E2FCA3C8600ED4307 /* RootView.swift */,
			);
			path = App;
			sourceTree = "<group>";
		};
		30BE4C532FCA3C8600ED4307 /* Home */ = {
			isa = PBXGroup;
			children = (
				30BE4C502FCA3C8600ED4307 /* HomeView.swift */,
				30BE4C512FCA3C8600ED4307 /* HomeViewModel.swift */,
				30BE4C522FCA3C8600ED4307 /* NoShootView.swift */,
			);
			path = Home;
			sourceTree = "<group>";
		};
		30BE4C562FCA3C8600ED4307 /* MyPhotos */ = {
			isa = PBXGroup;
			children = (
				30BE4C542FCA3C8600ED4307 /* MyPhotosView.swift */,
				30BE4C552FCA3C8600ED4307 /* MyPhotosViewModel.swift */,
			);
			path = MyPhotos;
			sourceTree = "<group>";
		};
		30BE4C582FCA3C8600ED4307 /* Coordinator */ = {
			isa = PBXGroup;
			children = (
				30BE4C572FCA3C8600ED4307 /* NewShootCoordinator.swift */,
			);
			path = Coordinator;
			sourceTree = "<group>";
		};
		30BE4C602FCA3C8600ED4307 /* Steps */ = {
			isa = PBXGroup;
			children = (
				30BE4C592FCA3C8600ED4307 /* GalleryResultView.swift */,
				30BE4C5A2FCA3C8600ED4307 /* GalleryResultViewModel.swift */,
				30BE4C5B2FCA3C8600ED4307 /* ProcessingView.swift */,
				30BE4C5C2FCA3C8600ED4307 /* ProcessingViewModel.swift */,
				30BE4C5D2FCA3C8600ED4307 /* StyleSelectionView.swift */,
				30BE4C5E2FCA3C8600ED4307 /* UploadSelfiesView.swift */,
				30BE4C5F2FCA3C8600ED4307 /* UploadSelfiesViewModel.swift */,
			);
			path = Steps;
			sourceTree = "<group>";
		};
		30BE4C642FCA3C8600ED4307 /* NewShootFlow */ = {
			isa = PBXGroup;
			children = (
				30BE4C582FCA3C8600ED4307 /* Coordinator */,
				30BE4C602FCA3C8600ED4307 /* Steps */,
				30BE4C612FCA3C8600ED4307 /* AIProcessingConsentView.swift */,
				30BE4C622FCA3C8600ED4307 /* NewShootFlowContainer.swift */,
				30BE4C632FCA3C8600ED4307 /* VibePreset.swift */,
			);
			path = NewShootFlow;
			sourceTree = "<group>";
		};
		30BE4C672FCA3C8600ED4307 /* Onboarding */ = {
			isa = PBXGroup;
			children = (
				30BE4C652FCA3C8600ED4307 /* OnboardingView.swift */,
				30BE4C662FCA3C8600ED4307 /* OnboardingViewModel.swift */,
			);
			path = Onboarding;
			sourceTree = "<group>";
		};
		30BE4C692FCA3C8600ED4307 /* Paywall */ = {
			isa = PBXGroup;
			children = (
				30BE4C682FCA3C8600ED4307 /* PaywallView.swift */,
			);
			path = Paywall;
			sourceTree = "<group>";
		};
		30BE4C6C2FCA3C8600ED4307 /* Profile */ = {
			isa = PBXGroup;
			children = (
				30BE4C6A2FCA3C8600ED4307 /* ProfileView.swift */,
				30BE4C6B2FCA3C8600ED4307 /* ProfileViewModel.swift */,
			);
			path = Profile;
			sourceTree = "<group>";
		};
		30BE4C6D2FCA3C8600ED4307 /* Features */ = {
			isa = PBXGroup;
			children = (
				30BE4C532FCA3C8600ED4307 /* Home */,
				30BE4C562FCA3C8600ED4307 /* MyPhotos */,
				30BE4C642FCA3C8600ED4307 /* NewShootFlow */,
				30BE4C672FCA3C8600ED4307 /* Onboarding */,
				30BE4C692FCA3C8600ED4307 /* Paywall */,
				30BE4C6C2FCA3C8600ED4307 /* Profile */,
			);
			path = Features;
			sourceTree = "<group>";
		};
		30BE4C6F2FCA3C8600ED4307 /* Helpers */ = {
			isa = PBXGroup;
			children = (
				30BE4C6E2FCA3C8600ED4307 /* CustomButtonView.swift */,
			);
			path = Helpers;
			sourceTree = "<group>";
		};
		30BE4C722FCA3C8600ED4307 /* Monetization */ = {
			isa = PBXGroup;
			children = (
				30BE4C702FCA3C8600ED4307 /* FreeTrialAccess.swift */,
				30BE4C712FCA3C8600ED4307 /* StoreKitManager.swift */,
			);
			path = Monetization;
			sourceTree = "<group>";
		};
		30BE4C742FCA3C8600ED4307 /* Models */ = {
			isa = PBXGroup;
			children = (
				30BE4C732FCA3C8600ED4307 /* APIResponses.swift */,
			);
			path = Models;
			sourceTree = "<group>";
		};
		30BE4C792FCA3C8600ED4307 /* Network */ = {
			isa = PBXGroup;
			children = (
				30BE4C742FCA3C8600ED4307 /* Models */,
				30BE4C752FCA3C8600ED4307 /* AIService.swift */,
				30BE4C762FCA3C8600ED4307 /* Endpoints.swift */,
				30BE4C772FCA3C8600ED4307 /* HTTPClient.swift */,
				30BE4C782FCA3C8600ED4307 /* WaveSpeedSubmitParsing.swift */,
			);
			path = Network;
			sourceTree = "<group>";
		};
		30BE4C7C2FCA3C8600ED4307 /* Models */ = {
			isa = PBXGroup;
			children = (
				30BE4C7A2FCA3C8600ED4307 /* GeneratedPhoto.swift */,
				30BE4C7B2FCA3C8600ED4307 /* ShootSession.swift */,
			);
			path = Models;
			sourceTree = "<group>";
		};
		30BE4C7E2FCA3C8600ED4307 /* Repository */ = {
			isa = PBXGroup;
			children = (
				30BE4C7D2FCA3C8600ED4307 /* ShootRepository.swift */,
			);
			path = Repository;
			sourceTree = "<group>";
		};
		30BE4C802FCA3C8600ED4307 /* Persistence */ = {
			isa = PBXGroup;
			children = (
				30BE4C7C2FCA3C8600ED4307 /* Models */,
				30BE4C7E2FCA3C8600ED4307 /* Repository */,
				30BE4C7F2FCA3C8600ED4307 /* PersistenceController.swift */,
			);
			path = Persistence;
			sourceTree = "<group>";
		};
		30BE4C832FCA3C8600ED4307 /* Extensions */ = {
			isa = PBXGroup;
			children = (
				30BE4C812FCA3C8600ED4307 /* UIImage+Resize.swift */,
				30BE4C822FCA3C8600ED4307 /* View+Loading.swift */,
			);
			path = Extensions;
			sourceTree = "<group>";
		};
		30BE4C862FCA3C8600ED4307 /* Fonts */ = {
			isa = PBXGroup;
			children = (
				30BE4C842FCA3C8600ED4307 /* PlayfairDisplay.ttf */,
				30BE4C852FCA3C8600ED4307 /* PlayfairDisplay-Italic.ttf */,
			);
			path = Fonts;
			sourceTree = "<group>";
		};
		30BE4C932FCA3C8600ED4307 /* Utilities */ = {
			isa = PBXGroup;
			children = (
				30BE4C832FCA3C8600ED4307 /* Extensions */,
				30BE4C862FCA3C8600ED4307 /* Fonts */,
				30BE4C872FCA3C8600ED4307 /* AIProcessingConsent.swift */,
				30BE4C882FCA3C8600ED4307 /* AppEvents.swift */,
				30BE4C892FCA3C8600ED4307 /* AppFont.swift */,
				30BE4C8A2FCA3C8600ED4307 /* AppLinks.swift */,
				30BE4C8B2FCA3C8600ED4307 /* AppTrackingCoordinator.swift */,
				30BE4C8C2FCA3C8600ED4307 /* Constants.swift */,
				30BE4C8D2FCA3C8600ED4307 /* ImagePicker.swift */,
				30BE4C8E2FCA3C8600ED4307 /* KeychainHelper.swift */,
				30BE4C8F2FCA3C8600ED4307 /* L10n.swift */,
				30BE4C902FCA3C8600ED4307 /* MainTabSelectionEnvironment.swift */,
				30BE4C912FCA3C8600ED4307 /* PhotoAlbumSaver.swift */,
				30BE4C922FCA3C8600ED4307 /* SubscriptionToolbarTrailing.swift */,
			);
			path = Utilities;
			sourceTree = "<group>";
		};
		30BE4C982FCA3C8600ED4307 /* 1AIMoodBoardPhotoApp */ = {
			isa = PBXGroup;
			children = (
				30BE4C4F2FCA3C8600ED4307 /* App */,
				30BE4C6D2FCA3C8600ED4307 /* Features */,
				30BE4C6F2FCA3C8600ED4307 /* Helpers */,
				30BE4C722FCA3C8600ED4307 /* Monetization */,
				30BE4C792FCA3C8600ED4307 /* Network */,
				30BE4C802FCA3C8600ED4307 /* Persistence */,
				30BE4C932FCA3C8600ED4307 /* Utilities */,
				30BE4C942FCA3C8600ED4307 /* Assets.xcassets */,
				30BE4C952FCA3C8600ED4307 /* Configuration.storekit */,
				30BE4C962FCA3C8600ED4307 /* InfoPlist.xcstrings */,
				30BE4C972FCA3C8600ED4307 /* Localizable.xcstrings */,
			);
			path = 1AIMoodBoardPhotoApp;
			sourceTree = "<group>";
		};
		30D287C22FA2BE2D008D5BDC = {
			isa = PBXGroup;
			children = (
				30BE4C982FCA3C8600ED4307 /* 1AIMoodBoardPhotoApp */,
				30D287CC2FA2BE2D008D5BDC /* Products */,
				4394F8922BC0FBA2A7CF6496 /* Pods */,
				C6CBD14A303BB14037CC6916 /* Frameworks */,
			);
			sourceTree = "<group>";
		};
		30D287CC2FA2BE2D008D5BDC /* Products */ = {
			isa = PBXGroup;
			children = (
				30D287CB2FA2BE2D008D5BDC /* 1AIMoodBoardPhotoApp.app */,
			);
			name = Products;
			sourceTree = "<group>";
		};
		4394F8922BC0FBA2A7CF6496 /* Pods */ = {
			isa = PBXGroup;
			children = (
				41AE9EFB32A131E0203AE0EF /* Pods-1AIMoodBoardPhotoApp.debug.xcconfig */,
				0258B66AD2D4FB7F8E00C13F /* Pods-1AIMoodBoardPhotoApp.release.xcconfig */,
			);
			path = Pods;
			sourceTree = "<group>";
		};
		C6CBD14A303BB14037CC6916 /* Frameworks */ = {
			isa = PBXGroup;
			children = (
				3063E2F82FA7EAC60071A61B /* StoreKit.framework */,
				C50F35F092D7E25B73DDE672 /* Pods_1AIMoodBoardPhotoApp.framework */,
			);
			name = Frameworks;
			sourceTree = "<group>";
		};
/* End PBXGroup section */

/* Begin PBXNativeTarget section */
		30D287CA2FA2BE2D008D5BDC /* 1AIMoodBoardPhotoApp */ = {
			isa = PBXNativeTarget;
			buildConfigurationList = 30D287D62FA2BE2E008D5BDC /* Build configuration list for PBXNativeTarget "1AIMoodBoardPhotoApp" */;
			buildPhases = (
				524B475EADF8C8246C9A16F0 /* [CP] Check Pods Manifest.lock */,
				30D287C72FA2BE2D008D5BDC /* Sources */,
				30D287C82FA2BE2D008D5BDC /* Frameworks */,
				30D287C92FA2BE2D008D5BDC /* Resources */,
			);
			buildRules = (
			);
			dependencies = (
			);
			name = 1AIMoodBoardPhotoApp;
			productName = 1AIMoodBoardPhotoApp;
			productReference = 30D287CB2FA2BE2D008D5BDC /* 1AIMoodBoardPhotoApp.app */;
			productType = "com.apple.product-type.application";
		};
/* End PBXNativeTarget section */

/* Begin PBXProject section */
		30D287C32FA2BE2D008D5BDC /* Project object */ = {
			isa = PBXProject;
			attributes = {
				BuildIndependentTargetsInParallel = 1;
				LastSwiftUpdateCheck = 2640;
				LastUpgradeCheck = 2640;
				TargetAttributes = {
					30D287CA2FA2BE2D008D5BDC = {
						CreatedOnToolsVersion = 26.4.1;
					};
				};
			};
			buildConfigurationList = 30D287C62FA2BE2D008D5BDC /* Build configuration list for PBXProject "1AIMoodBoardPhotoApp" */;
			compatibilityVersion = "Xcode 15.0";
			developmentRegion = en;
			hasScannedForEncodings = 0;
			knownRegions = (
				en,
				ru,
				Base,
			);
			mainGroup = 30D287C22FA2BE2D008D5BDC;
			packageReferences = (
				301217C32FB7C7DB0071B4BB /* XCRemoteSwiftPackageReference "AppsFlyerFramework-Static" */,
			);
			productRefGroup = 30D287CC2FA2BE2D008D5BDC /* Products */;
			projectDirPath = "";
			projectRoot = "";
			targets = (
				30D287CA2FA2BE2D008D5BDC /* 1AIMoodBoardPhotoApp */,
			);
		};
/* End PBXProject section */

/* Begin PBXResourcesBuildPhase section */
		30D287C92FA2BE2D008D5BDC /* Resources */ = {
			isa = PBXResourcesBuildPhase;
			buildActionMask = 2147483647;
			files = (
				30BE4CCB2FCA3C8600ED4307 /* PlayfairDisplay.ttf in Resources */,
				30BE4CCC2FCA3C8600ED4307 /* PlayfairDisplay-Italic.ttf in Resources */,
				30BE4CCD2FCA3C8600ED4307 /* Assets.xcassets in Resources */,
				30BE4CCE2FCA3C8600ED4307 /* Configuration.storekit in Resources */,
				30BE4CCF2FCA3C8600ED4307 /* InfoPlist.xcstrings in Resources */,
				30BE4CD02FCA3C8600ED4307 /* Localizable.xcstrings in Resources */,
			);
			runOnlyForDeploymentPostprocessing = 0;
		};
/* End PBXResourcesBuildPhase section */

/* Begin PBXShellScriptBuildPhase section */
		524B475EADF8C8246C9A16F0 /* [CP] Check Pods Manifest.lock */ = {
			isa = PBXShellScriptBuildPhase;
			buildActionMask = 2147483647;
			files = (
			);
			inputFileListPaths = (
			);
			inputPaths = (
				"${PODS_PODFILE_DIR_PATH}/Podfile.lock",
				"${PODS_ROOT}/Manifest.lock",
			);
			name = "[CP] Check Pods Manifest.lock";
			outputFileListPaths = (
			);
			outputPaths = (
				"$(DERIVED_FILE_DIR)/Pods-1AIMoodBoardPhotoApp-checkManifestLockResult.txt",
			);
			runOnlyForDeploymentPostprocessing = 0;
			shellPath = /bin/sh;
			shellScript = "diff \"${PODS_PODFILE_DIR_PATH}/Podfile.lock\" \"${PODS_ROOT}/Manifest.lock\" > /dev/null\nif [ $? != 0 ] ; then\n    # print error to STDERR\n    echo \"error: The sandbox is not in sync with the Podfile.lock. Run 'pod install' or update your CocoaPods installation.\" >&2\n    exit 1\nfi\n# This output is used by Xcode 'outputs' to avoid re-running this script phase.\necho \"SUCCESS\" > \"${SCRIPT_OUTPUT_FILE_0}\"\n";
			showEnvVarsInLog = 0;
		};
/* End PBXShellScriptBuildPhase section */

/* Begin PBXSourcesBuildPhase section */
		30D287C72FA2BE2D008D5BDC /* Sources */ = {
			isa = PBXSourcesBuildPhase;
			buildActionMask = 2147483647;
			files = (
				30BE4C992FCA3C8600ED4307 /* AppDependencies.swift in Sources */,
				30BE4C9A2FCA3C8600ED4307 /* MoodBoardApp.swift in Sources */,
				30BE4C9B2FCA3C8600ED4307 /* RootView.swift in Sources */,
				30BE4C9C2FCA3C8600ED4307 /* HomeView.swift in Sources */,
				30BE4C9D2FCA3C8600ED4307 /* HomeViewModel.swift in Sources */,
				30BE4C9E2FCA3C8600ED4307 /* NoShootView.swift in Sources */,
				30BE4C9F2FCA3C8600ED4307 /* MyPhotosView.swift in Sources */,
				30BE4CA02FCA3C8600ED4307 /* MyPhotosViewModel.swift in Sources */,
				30BE4CA12FCA3C8600ED4307 /* NewShootCoordinator.swift in Sources */,
				30BE4CA22FCA3C8600ED4307 /* GalleryResultView.swift in Sources */,
				30BE4CA32FCA3C8600ED4307 /* GalleryResultViewModel.swift in Sources */,
				30BE4CA42FCA3C8600ED4307 /* ProcessingView.swift in Sources */,
				30BE4CA52FCA3C8600ED4307 /* ProcessingViewModel.swift in Sources */,
				30BE4CA62FCA3C8600ED4307 /* StyleSelectionView.swift in Sources */,
				30BE4CA72FCA3C8600ED4307 /* UploadSelfiesView.swift in Sources */,
				30BE4CA82FCA3C8600ED4307 /* UploadSelfiesViewModel.swift in Sources */,
				30BE4CA92FCA3C8600ED4307 /* AIProcessingConsentView.swift in Sources */,
				30BE4CAA2FCA3C8600ED4307 /* NewShootFlowContainer.swift in Sources */,
				30BE4CAB2FCA3C8600ED4307 /* VibePreset.swift in Sources */,
				30BE4CAC2FCA3C8600ED4307 /* OnboardingView.swift in Sources */,
				30BE4CAD2FCA3C8600ED4307 /* OnboardingViewModel.swift in Sources */,
				30BE4CAE2FCA3C8600ED4307 /* PaywallView.swift in Sources */,
				30BE4CAF2FCA3C8600ED4307 /* ProfileView.swift in Sources */,
				30BE4CB02FCA3C8600ED4307 /* ProfileViewModel.swift in Sources */,
				30BE4CB12FCA3C8600ED4307 /* CustomButtonView.swift in Sources */,
				30BE4CB22FCA3C8600ED4307 /* FreeTrialAccess.swift in Sources */,
				30BE4CB32FCA3C8600ED4307 /* StoreKitManager.swift in Sources */,
				30BE4CB42FCA3C8600ED4307 /* APIResponses.swift in Sources */,
				30BE4CB52FCA3C8600ED4307 /* AIService.swift in Sources */,
				30BE4CB62FCA3C8600ED4307 /* Endpoints.swift in Sources */,
				30BE4CB72FCA3C8600ED4307 /* HTTPClient.swift in Sources */,
				30BE4CB82FCA3C8600ED4307 /* WaveSpeedSubmitParsing.swift in Sources */,
				30BE4CB92FCA3C8600ED4307 /* GeneratedPhoto.swift in Sources */,
				30BE4CBA2FCA3C8600ED4307 /* ShootSession.swift in Sources */,
				30BE4CBB2FCA3C8600ED4307 /* ShootRepository.swift in Sources */,
				30BE4CBC2FCA3C8600ED4307 /* PersistenceController.swift in Sources */,
				30BE4CBD2FCA3C8600ED4307 /* UIImage+Resize.swift in Sources */,
				30BE4CBE2FCA3C8600ED4307 /* View+Loading.swift in Sources */,
				30BE4CBF2FCA3C8600ED4307 /* AIProcessingConsent.swift in Sources */,
				30BE4CC02FCA3C8600ED4307 /* AppEvents.swift in Sources */,
				30BE4CC12FCA3C8600ED4307 /* AppFont.swift in Sources */,
				30BE4CC22FCA3C8600ED4307 /* AppLinks.swift in Sources */,
				30BE4CC32FCA3C8600ED4307 /* AppTrackingCoordinator.swift in Sources */,
				30BE4CC42FCA3C8600ED4307 /* Constants.swift in Sources */,
				30BE4CC52FCA3C8600ED4307 /* ImagePicker.swift in Sources */,
				30BE4CC62FCA3C8600ED4307 /* KeychainHelper.swift in Sources */,
				30BE4CC72FCA3C8600ED4307 /* L10n.swift in Sources */,
				30BE4CC82FCA3C8600ED4307 /* MainTabSelectionEnvironment.swift in Sources */,
				30BE4CC92FCA3C8600ED4307 /* PhotoAlbumSaver.swift in Sources */,
				30BE4CCA2FCA3C8600ED4307 /* SubscriptionToolbarTrailing.swift in Sources */,
			);
			runOnlyForDeploymentPostprocessing = 0;
		};
/* End PBXSourcesBuildPhase section */

/* Begin XCBuildConfiguration section */
		30D287D42FA2BE2E008D5BDC /* Debug */ = {
			isa = XCBuildConfiguration;
			buildSettings = {
				ALWAYS_SEARCH_USER_PATHS = NO;
				ASSETCATALOG_COMPILER_GENERATE_SWIFT_ASSET_SYMBOL_EXTENSIONS = YES;
				CLANG_ANALYZER_NONNULL = YES;
				CLANG_ANALYZER_NUMBER_OBJECT_CONVERSION = YES_AGGRESSIVE;
				CLANG_CXX_LANGUAGE_STANDARD = "gnu++20";
				CLANG_ENABLE_MODULES = YES;
				CLANG_ENABLE_OBJC_ARC = YES;
				CLANG_ENABLE_OBJC_WEAK = YES;
				CLANG_WARN_BLOCK_CAPTURE_AUTORELEASING = YES;
				CLANG_WARN_BOOL_CONVERSION = YES;
				CLANG_WARN_COMMA = YES;
				CLANG_WARN_CONSTANT_CONVERSION = YES;
				CLANG_WARN_DEPRECATED_OBJC_IMPLEMENTATIONS = YES;
				CLANG_WARN_DIRECT_OBJC_ISA_USAGE = YES_ERROR;
				CLANG_WARN_DOCUMENTATION_COMMENTS = YES;
				CLANG_WARN_EMPTY_BODY = YES;
				CLANG_WARN_ENUM_CONVERSION = YES;
				CLANG_WARN_INFINITE_RECURSION = YES;
				CLANG_WARN_INT_CONVERSION = YES;
				CLANG_WARN_NON_LITERAL_NULL_CONVERSION = YES;
				CLANG_WARN_OBJC_IMPLICIT_RETAIN_SELF = YES;
				CLANG_WARN_OBJC_LITERAL_CONVERSION = YES;
				CLANG_WARN_OBJC_ROOT_CLASS = YES_ERROR;
				CLANG_WARN_QUOTED_INCLUDE_IN_FRAMEWORK_HEADER = YES;
				CLANG_WARN_RANGE_LOOP_ANALYSIS = YES;
				CLANG_WARN_STRICT_PROTOTYPES = YES;
				CLANG_WARN_SUSPICIOUS_MOVE = YES;
				CLANG_WARN_UNGUARDED_AVAILABILITY = YES_AGGRESSIVE;
				CLANG_WARN_UNREACHABLE_CODE = YES;
				CLANG_WARN__DUPLICATE_METHOD_MATCH = YES;
				COPY_PHASE_STRIP = NO;
				DEBUG_INFORMATION_FORMAT = dwarf;
				ENABLE_STRICT_OBJC_MSGSEND = YES;
				ENABLE_TESTABILITY = YES;
				ENABLE_USER_SCRIPT_SANDBOXING = YES;
				GCC_C_LANGUAGE_STANDARD = gnu17;
				GCC_DYNAMIC_NO_PIC = NO;
				GCC_NO_COMMON_BLOCKS = YES;
				GCC_OPTIMIZATION_LEVEL = 0;
				GCC_PREPROCESSOR_DEFINITIONS = (
					"DEBUG=1",
					"$(inherited)",
				);
				GCC_WARN_64_TO_32_BIT_CONVERSION = YES;
				GCC_WARN_ABOUT_RETURN_TYPE = YES_ERROR;
				GCC_WARN_UNDECLARED_SELECTOR = YES;
				GCC_WARN_UNINITIALIZED_AUTOS = YES_AGGRESSIVE;
				GCC_WARN_UNUSED_FUNCTION = YES;
				GCC_WARN_UNUSED_VARIABLE = YES;
				IPHONEOS_DEPLOYMENT_TARGET = 26.4;
				LOCALIZATION_PREFERS_STRING_CATALOGS = YES;
				MTL_ENABLE_DEBUG_INFO = INCLUDE_SOURCE;
				MTL_FAST_MATH = YES;
				ONLY_ACTIVE_ARCH = YES;
				SDKROOT = iphoneos;
				SWIFT_ACTIVE_COMPILATION_CONDITIONS = "DEBUG $(inherited)";
				SWIFT_OPTIMIZATION_LEVEL = "-Onone";
			};
			name = Debug;
		};
		30D287D52FA2BE2E008D5BDC /* Release */ = {
			isa = XCBuildConfiguration;
			buildSettings = {
				ALWAYS_SEARCH_USER_PATHS = NO;
				ASSETCATALOG_COMPILER_GENERATE_SWIFT_ASSET_SYMBOL_EXTENSIONS = YES;
				CLANG_ANALYZER_NONNULL = YES;
				CLANG_ANALYZER_NUMBER_OBJECT_CONVERSION = YES_AGGRESSIVE;
				CLANG_CXX_LANGUAGE_STANDARD = "gnu++20";
				CLANG_ENABLE_MODULES = YES;
				CLANG_ENABLE_OBJC_ARC = YES;
				CLANG_ENABLE_OBJC_WEAK = YES;
				CLANG_WARN_BLOCK_CAPTURE_AUTORELEASING = YES;
				CLANG_WARN_BOOL_CONVERSION = YES;
				CLANG_WARN_COMMA = YES;
				CLANG_WARN_CONSTANT_CONVERSION = YES;
				CLANG_WARN_DEPRECATED_OBJC_IMPLEMENTATIONS = YES;
				CLANG_WARN_DIRECT_OBJC_ISA_USAGE = YES_ERROR;
				CLANG_WARN_DOCUMENTATION_COMMENTS = YES;
				CLANG_WARN_EMPTY_BODY = YES;
				CLANG_WARN_ENUM_CONVERSION = YES;
				CLANG_WARN_INFINITE_RECURSION = YES;
				CLANG_WARN_INT_CONVERSION = YES;
				CLANG_WARN_NON_LITERAL_NULL_CONVERSION = YES;
				CLANG_WARN_OBJC_IMPLICIT_RETAIN_SELF = YES;
				CLANG_WARN_OBJC_LITERAL_CONVERSION = YES;
				CLANG_WARN_OBJC_ROOT_CLASS = YES_ERROR;
				CLANG_WARN_QUOTED_INCLUDE_IN_FRAMEWORK_HEADER = YES;
				CLANG_WARN_RANGE_LOOP_ANALYSIS = YES;
				CLANG_WARN_STRICT_PROTOTYPES = YES;
				CLANG_WARN_SUSPICIOUS_MOVE = YES;
				CLANG_WARN_UNGUARDED_AVAILABILITY = YES_AGGRESSIVE;
				CLANG_WARN_UNREACHABLE_CODE = YES;
				CLANG_WARN__DUPLICATE_METHOD_MATCH = YES;
				COPY_PHASE_STRIP = NO;
				DEBUG_INFORMATION_FORMAT = "dwarf-with-dsym";
				ENABLE_NS_ASSERTIONS = NO;
				ENABLE_STRICT_OBJC_MSGSEND = YES;
				ENABLE_USER_SCRIPT_SANDBOXING = YES;
				GCC_C_LANGUAGE_STANDARD = gnu17;
				GCC_NO_COMMON_BLOCKS = YES;
				GCC_WARN_64_TO_32_BIT_CONVERSION = YES;
				GCC_WARN_ABOUT_RETURN_TYPE = YES_ERROR;
				GCC_WARN_UNDECLARED_SELECTOR = YES;
				GCC_WARN_UNINITIALIZED_AUTOS = YES_AGGRESSIVE;
				GCC_WARN_UNUSED_FUNCTION = YES;
				GCC_WARN_UNUSED_VARIABLE = YES;
				IPHONEOS_DEPLOYMENT_TARGET = 26.4;
				LOCALIZATION_PREFERS_STRING_CATALOGS = YES;
				MTL_ENABLE_DEBUG_INFO = NO;
				MTL_FAST_MATH = YES;
				SDKROOT = iphoneos;
				SWIFT_COMPILATION_MODE = wholemodule;
				VALIDATE_PRODUCT = YES;
			};
			name = Release;
		};
		30D287D72FA2BE2E008D5BDC /* Debug */ = {
			isa = XCBuildConfiguration;
			baseConfigurationReference = 41AE9EFB32A131E0203AE0EF /* Pods-1AIMoodBoardPhotoApp.debug.xcconfig */;
			buildSettings = {
				ASSETCATALOG_COMPILER_APPICON_NAME = AppIcon;
				ASSETCATALOG_COMPILER_GLOBAL_ACCENT_COLOR_NAME = AccentColor;
				CODE_SIGN_STYLE = Automatic;
				CURRENT_PROJECT_VERSION = 2;
				ENABLE_PREVIEWS = YES;
				GENERATE_INFOPLIST_FILE = YES;
				INFOPLIST_KEY_CFBundleDisplayName = "AI Photo Generator. Aesthetic";
				INFOPLIST_KEY_NSPhotoLibraryAddUsageDescription = "Mood Board saves generated photos to your library when you choose Save.";
				INFOPLIST_KEY_NSPhotoLibraryUsageDescription = "Mood Board needs access to your photo library to pick selfies for AI generation.";
				INFOPLIST_KEY_NSUserTrackingUsageDescription = "We use tracking data to measure install campaigns and improve app performance.";
				INFOPLIST_KEY_UIAppFonts = "Utilities/Fonts/PlayfairDisplay.ttf Utilities/Fonts/PlayfairDisplay-Italic.ttf";
				INFOPLIST_KEY_UIApplicationSceneManifest_Generation = YES;
				INFOPLIST_KEY_UIApplicationSupportsIndirectInputEvents = YES;
				INFOPLIST_KEY_UILaunchScreen_Generation = YES;
				INFOPLIST_KEY_UISupportedInterfaceOrientations = UIInterfaceOrientationPortrait;
				INFOPLIST_KEY_UISupportedInterfaceOrientations_iPad = "UIInterfaceOrientationLandscapeLeft UIInterfaceOrientationLandscapeRight UIInterfaceOrientationPortrait UIInterfaceOrientationPortraitUpsideDown";
				IPHONEOS_DEPLOYMENT_TARGET = 17.6;
				LD_RUNPATH_SEARCH_PATHS = (
					"$(inherited)",
					"@executable_path/Frameworks",
				);
				MARKETING_VERSION = 1.2;
				PRODUCT_BUNDLE_IDENTIFIER = com.nev.dghdt36kkw0l;
				PRODUCT_NAME = "$(TARGET_NAME)";
				STRING_CATALOG_GENERATE_SYMBOLS = YES;
				SUPPORTED_PLATFORMS = "iphoneos iphonesimulator";
				SUPPORTS_MACCATALYST = NO;
				SUPPORTS_MAC_DESIGNED_FOR_IPHONE_IPAD = NO;
				SUPPORTS_XR_DESIGNED_FOR_IPHONE_IPAD = NO;
				SWIFT_APPROACHABLE_CONCURRENCY = YES;
				SWIFT_DEFAULT_ACTOR_ISOLATION = MainActor;
				SWIFT_EMIT_LOC_STRINGS = YES;
				SWIFT_UPCOMING_FEATURE_MEMBER_IMPORT_VISIBILITY = YES;
				SWIFT_VERSION = 5.0;
				TARGETED_DEVICE_FAMILY = 1;
			};
			name = Debug;
		};
		30D287D82FA2BE2E008D5BDC /* Release */ = {
			isa = XCBuildConfiguration;
			baseConfigurationReference = 0258B66AD2D4FB7F8E00C13F /* Pods-1AIMoodBoardPhotoApp.release.xcconfig */;
			buildSettings = {
				ASSETCATALOG_COMPILER_APPICON_NAME = AppIcon;
				ASSETCATALOG_COMPILER_GLOBAL_ACCENT_COLOR_NAME = AccentColor;
				CODE_SIGN_STYLE = Automatic;
				CURRENT_PROJECT_VERSION = 2;
				ENABLE_PREVIEWS = YES;
				GENERATE_INFOPLIST_FILE = YES;
				INFOPLIST_KEY_CFBundleDisplayName = "AI Photo Generator. Aesthetic";
				INFOPLIST_KEY_NSPhotoLibraryAddUsageDescription = "Mood Board saves generated photos to your library when you choose Save.";
				INFOPLIST_KEY_NSPhotoLibraryUsageDescription = "Mood Board needs access to your photo library to pick selfies for AI generation.";
				INFOPLIST_KEY_NSUserTrackingUsageDescription = "We use tracking data to measure install campaigns and improve app performance.";
				INFOPLIST_KEY_UIAppFonts = "Utilities/Fonts/PlayfairDisplay.ttf Utilities/Fonts/PlayfairDisplay-Italic.ttf";
				INFOPLIST_KEY_UIApplicationSceneManifest_Generation = YES;
				INFOPLIST_KEY_UIApplicationSupportsIndirectInputEvents = YES;
				INFOPLIST_KEY_UILaunchScreen_Generation = YES;
				INFOPLIST_KEY_UISupportedInterfaceOrientations = UIInterfaceOrientationPortrait;
				INFOPLIST_KEY_UISupportedInterfaceOrientations_iPad = "UIInterfaceOrientationLandscapeLeft UIInterfaceOrientationLandscapeRight UIInterfaceOrientationPortrait UIInterfaceOrientationPortraitUpsideDown";
				IPHONEOS_DEPLOYMENT_TARGET = 17.6;
				LD_RUNPATH_SEARCH_PATHS = (
					"$(inherited)",
					"@executable_path/Frameworks",
				);
				MARKETING_VERSION = 1.2;
				PRODUCT_BUNDLE_IDENTIFIER = com.nev.dghdt36kkw0l;
				PRODUCT_NAME = "$(TARGET_NAME)";
				STRING_CATALOG_GENERATE_SYMBOLS = YES;
				SUPPORTED_PLATFORMS = "iphoneos iphonesimulator";
				SUPPORTS_MACCATALYST = NO;
				SUPPORTS_MAC_DESIGNED_FOR_IPHONE_IPAD = NO;
				SUPPORTS_XR_DESIGNED_FOR_IPHONE_IPAD = NO;
				SWIFT_APPROACHABLE_CONCURRENCY = YES;
				SWIFT_DEFAULT_ACTOR_ISOLATION = MainActor;
				SWIFT_EMIT_LOC_STRINGS = YES;
				SWIFT_UPCOMING_FEATURE_MEMBER_IMPORT_VISIBILITY = YES;
				SWIFT_VERSION = 5.0;
				TARGETED_DEVICE_FAMILY = 1;
			};
			name = Release;
		};
/* End XCBuildConfiguration section */

/* Begin XCConfigurationList section */
		30D287C62FA2BE2D008D5BDC /* Build configuration list for PBXProject "1AIMoodBoardPhotoApp" */ = {
			isa = XCConfigurationList;
			buildConfigurations = (
				30D287D42FA2BE2E008D5BDC /* Debug */,
				30D287D52FA2BE2E008D5BDC /* Release */,
			);
			defaultConfigurationIsVisible = 0;
			defaultConfigurationName = Release;
		};
		30D287D62FA2BE2E008D5BDC /* Build configuration list for PBXNativeTarget "1AIMoodBoardPhotoApp" */ = {
			isa = XCConfigurationList;
			buildConfigurations = (
				30D287D72FA2BE2E008D5BDC /* Debug */,
				30D287D82FA2BE2E008D5BDC /* Release */,
			);
			defaultConfigurationIsVisible = 0;
			defaultConfigurationName = Release;
		};
/* End XCConfigurationList section */

/* Begin XCRemoteSwiftPackageReference section */
		301217C32FB7C7DB0071B4BB /* XCRemoteSwiftPackageReference "AppsFlyerFramework-Static" */ = {
			isa = XCRemoteSwiftPackageReference;
			repositoryURL = "https://github.com/AppsFlyerSDK/AppsFlyerFramework-Static";
			requirement = {
				kind = upToNextMajorVersion;
				minimumVersion = 6.18.0;
			};
		};
/* End XCRemoteSwiftPackageReference section */

/* Begin XCSwiftPackageProductDependency section */
		301217C42FB7C7DB0071B4BB /* AppsFlyerLib-Static */ = {
			isa = XCSwiftPackageProductDependency;
			package = 301217C32FB7C7DB0071B4BB /* XCRemoteSwiftPackageReference "AppsFlyerFramework-Static" */;
			productName = "AppsFlyerLib-Static";
		};
/* End XCSwiftPackageProductDependency section */
	};
	rootObject = 30D287C32FA2BE2D008D5BDC /* Project object */;
}
